// !$*UTF8*$!
{
	archiveVersion = 1;
	classes = {
	};
	objectVersion = 45;
	objects = {

/* Begin PBXAggregateTarget section */
		000D03D61089C45F003F010E /* XamhainII.dmg */ = {
			isa = PBXAggregateTarget;
			buildConfigurationList = 000D03DC1089C467003F010E /* Build configuration list for PBXAggregateTarget "XamhainII.dmg" */;
			buildPhases = (
				000D03D51089C45F003F010E /* ShellScript */,
			);
			dependencies = (
				000D03DA1089C465003F010E /* PBXTargetDependency */,
			);
			name = XamhainII.dmg;
			productName = XamhainII.dmg;
		};
/* End PBXAggregateTarget section */

/* Begin PBXBuildFile section */
		00151B9A109A2BAA00CFFD7F /* XamhainConfigureSheet.xib in Resources */ = {isa = PBXBuildFile; fileRef = 00151B99109A2BAA00CFFD7F /* XamhainConfigureSheet.xib */; };
		002438561098D6E100E8A351 /* KnotStyle.cpp in Sources */ = {isa = PBXBuildFile; fileRef = 002438541098D6E100E8A351 /* KnotStyle.cpp */; };
		0032D326108A30770033FA87 /* OpenGL.framework in Frameworks */ = {isa = PBXBuildFile; fileRef = 0032D325108A30770033FA87 /* OpenGL.framework */; };
		00790DBF10996796007ABF04 /* COPYING in Resources */ = {isa = PBXBuildFile; fileRef = 00790DBE10996796007ABF04 /* COPYING */; };
		00791844108B081B00156D67 /* XamhainPreferences.mm in Sources */ = {isa = PBXBuildFile; fileRef = 00791842108B081B00156D67 /* XamhainPreferences.mm */; };
		007C512B108A29BE00ED3242 /* RandomColor.cpp in Sources */ = {isa = PBXBuildFile; fileRef = 007C5127108A29BE00ED3242 /* RandomColor.cpp */; };
		007ED8661090CD6800B01235 /* CircularKnot.cpp in Sources */ = {isa = PBXBuildFile; fileRef = 007ED8581090CD6800B01235 /* CircularKnot.cpp */; };
		007ED8681090CD6800B01235 /* ClosedKnot.cpp in Sources */ = {isa = PBXBuildFile; fileRef = 007ED85A1090CD6800B01235 /* ClosedKnot.cpp */; };
		007ED86A1090CD6800B01235 /* HorizontalKnot.cpp in Sources */ = {isa = PBXBuildFile; fileRef = 007ED85C1090CD6800B01235 /* HorizontalKnot.cpp */; };
		007ED86C1090CD6800B01235 /* RandomKnot.cpp in Sources */ = {isa = PBXBuildFile; fileRef = 007ED85E1090CD6800B01235 /* RandomKnot.cpp */; };
		007ED86E1090CD6800B01235 /* RectangularKnot.cpp in Sources */ = {isa = PBXBuildFile; fileRef = 007ED8601090CD6800B01235 /* RectangularKnot.cpp */; };
		007ED8701090CD6800B01235 /* TiledKnot.cpp in Sources */ = {isa = PBXBuildFile; fileRef = 007ED8621090CD6800B01235 /* TiledKnot.cpp */; };
		007ED8721090CD6800B01235 /* VerticalKnot.cpp in Sources */ = {isa = PBXBuildFile; fileRef = 007ED8641090CD6800B01235 /* VerticalKnot.cpp */; };
		00926762109A0BF600B2EF52 /* defaults.plist in Resources */ = {isa = PBXBuildFile; fileRef = 00926761109A0BF600B2EF52 /* defaults.plist */; };
		0096345E109B5B6700B26FC2 /* XamhainUserDefaultsController.mm in Sources */ = {isa = PBXBuildFile; fileRef = 0096345C109B5B6700B26FC2 /* XamhainUserDefaultsController.mm */; };
		009D8964108E251800A416CF /* Stroke.mm in Sources */ = {isa = PBXBuildFile; fileRef = 009D8962108E251800A416CF /* Stroke.mm */; };
		009D897C108E28C800A416CF /* StrokeSet.cpp in Sources */ = {isa = PBXBuildFile; fileRef = 009D897A108E28C800A416CF /* StrokeSet.cpp */; };
		00D188B11094BA31004E4496 /* XamhainGLView.mm in Sources */ = {isa = PBXBuildFile; fileRef = 001EA1D6109365FC00D05EFB /* XamhainGLView.mm */; };
		00D7B656108F8E9A00432E90 /* KnotSection.cpp in Sources */ = {isa = PBXBuildFile; fileRef = 00D7B654108F8E9A00432E90 /* KnotSection.cpp */; };
		00DA7802107A728C0094FCAB /* broad_fill_corner.pdf in Resources */ = {isa = PBXBuildFile; fileRef = 00DA77D6107A728C0094FCAB /* broad_fill_corner.pdf */; };
		00DA7803107A728C0094FCAB /* broad_fill_DDD.pdf in Resources */ = {isa = PBXBuildFile; fileRef = 00DA77D7107A728C0094FCAB /* broad_fill_DDD.pdf */; };
		00DA7804107A728C0094FCAB /* broad_fill_DHD.pdf in Resources */ = {isa = PBXBuildFile; fileRef = 00DA77D8107A728C0094FCAB /* broad_fill_DHD.pdf */; };
		00DA7805107A728C0094FCAB /* broad_fill_DHH.pdf in Resources */ = {isa = PBXBuildFile; fileRef = 00DA77D9107A728C0094FCAB /* broad_fill_DHH.pdf */; };
		00DA7806107A728C0094FCAB /* broad_fill_DHV.pdf in Resources */ = {isa = PBXBuildFile; fileRef = 00DA77DA107A728C0094FCAB /* broad_fill_DHV.pdf */; };
		00DA7807107A728C0094FCAB /* broad_fill_HDD.pdf in Resources */ = {isa = PBXBuildFile; fileRef = 00DA77DB107A728C0094FCAB /* broad_fill_HDD.pdf */; };
		00DA7808107A728C0094FCAB /* broad_fill_HDH.pdf in Resources */ = {isa = PBXBuildFile; fileRef = 00DA77DC107A728C0094FCAB /* broad_fill_HDH.pdf */; };
		00DA7809107A728C0094FCAB /* broad_fill_HDV.pdf in Resources */ = {isa = PBXBuildFile; fileRef = 00DA77DD107A728C0094FCAB /* broad_fill_HDV.pdf */; };
		00DA780A107A728C0094FCAB /* broad_fill_HHH.pdf in Resources */ = {isa = PBXBuildFile; fileRef = 00DA77DE107A728C0094FCAB /* broad_fill_HHH.pdf */; };
		00DA780B107A728C0094FCAB /* broad_fill_HHV.pdf in Resources */ = {isa = PBXBuildFile; fileRef = 00DA77DF107A728C0094FCAB /* broad_fill_HHV.pdf */; };
		00DA780C107A728C0094FCAB /* broad_fill_HVV.pdf in Resources */ = {isa = PBXBuildFile; fileRef = 00DA77E0107A728C0094FCAB /* broad_fill_HVV.pdf */; };
		00DA780D107A728C0094FCAB /* broad_outline_corner.pdf in Resources */ = {isa = PBXBuildFile; fileRef = 00DA77E1107A728C0094FCAB /* broad_outline_corner.pdf */; };
		00DA780E107A728C0094FCAB /* broad_outline_DDD.pdf in Resources */ = {isa = PBXBuildFile; fileRef = 00DA77E2107A728C0094FCAB /* broad_outline_DDD.pdf */; };
		00DA780F107A728C0094FCAB /* broad_outline_DHD.pdf in Resources */ = {isa = PBXBuildFile; fileRef = 00DA77E3107A728C0094FCAB /* broad_outline_DHD.pdf */; };
		00DA7810107A728C0094FCAB /* broad_outline_DHH.pdf in Resources */ = {isa = PBXBuildFile; fileRef = 00DA77E4107A728C0094FCAB /* broad_outline_DHH.pdf */; };
		00DA7811107A728C0094FCAB /* broad_outline_DHV.pdf in Resources */ = {isa = PBXBuildFile; fileRef = 00DA77E5107A728C0094FCAB /* broad_outline_DHV.pdf */; };
		00DA7812107A728C0094FCAB /* broad_outline_HDD.pdf in Resources */ = {isa = PBXBuildFile; fileRef = 00DA77E6107A728C0094FCAB /* broad_outline_HDD.pdf */; };
		00DA7813107A728C0094FCAB /* broad_outline_HDH.pdf in Resources */ = {isa = PBXBuildFile; fileRef = 00DA77E7107A728C0094FCAB /* broad_outline_HDH.pdf */; };
		00DA7814107A728C0094FCAB /* broad_outline_HDV.pdf in Resources */ = {isa = PBXBuildFile; fileRef = 00DA77E8107A728C0094FCAB /* broad_outline_HDV.pdf */; };
		00DA7815107A728C0094FCAB /* broad_outline_HHH.pdf in Resources */ = {isa = PBXBuildFile; fileRef = 00DA77E9107A728C0094FCAB /* broad_outline_HHH.pdf */; };
		00DA7816107A728C0094FCAB /* broad_outline_HHV.pdf in Resources */ = {isa = PBXBuildFile; fileRef = 00DA77EA107A728C0094FCAB /* broad_outline_HHV.pdf */; };
		00DA7817107A728C0094FCAB /* broad_outline_HVV.pdf in Resources */ = {isa = PBXBuildFile; fileRef = 00DA77EB107A728C0094FCAB /* broad_outline_HVV.pdf */; };
		00DA7818107A728C0094FCAB /* slender_fill_corner.pdf in Resources */ = {isa = PBXBuildFile; fileRef = 00DA77EC107A728C0094FCAB /* slender_fill_corner.pdf */; };
		00DA7819107A728C0094FCAB /* slender_fill_DDD.pdf in Resources */ = {isa = PBXBuildFile; fileRef = 00DA77ED107A728C0094FCAB /* slender_fill_DDD.pdf */; };
		00DA781A107A728C0094FCAB /* slender_fill_DHD.pdf in Resources */ = {isa = PBXBuildFile; fileRef = 00DA77EE107A728C0094FCAB /* slender_fill_DHD.pdf */; };
		00DA781B107A728C0094FCAB /* slender_fill_DHH.pdf in Resources */ = {isa = PBXBuildFile; fileRef = 00DA77EF107A728C0094FCAB /* slender_fill_DHH.pdf */; };
		00DA781C107A728C0094FCAB /* slender_fill_DHV.pdf in Resources */ = {isa = PBXBuildFile; fileRef = 00DA77F0107A728C0094FCAB /* slender_fill_DHV.pdf */; };
		00DA781D107A728C0094FCAB /* slender_fill_HDD.pdf in Resources */ = {isa = PBXBuildFile; fileRef = 00DA77F1107A728C0094FCAB /* slender_fill_HDD.pdf */; };
		00DA781E107A728C0094FCAB /* slender_fill_HDH.pdf in Resources */ = {isa = PBXBuildFile; fileRef = 00DA77F2107A728C0094FCAB /* slender_fill_HDH.pdf */; };
		00DA781F107A728C0094FCAB /* slender_fill_HDV.pdf in Resources */ = {isa = PBXBuildFile; fileRef = 00DA77F3107A728C0094FCAB /* slender_fill_HDV.pdf */; };
		00DA7820107A728C0094FCAB /* slender_fill_HHH.pdf in Resources */ = {isa = PBXBuildFile; fileRef = 00DA77F4107A728C0094FCAB /* slender_fill_HHH.pdf */; };
		00DA7821107A728C0094FCAB /* slender_fill_HHV.pdf in Resources */ = {isa = PBXBuildFile; fileRef = 00DA77F5107A728C0094FCAB /* slender_fill_HHV.pdf */; };
		00DA7822107A728C0094FCAB /* slender_fill_HVV.pdf in Resources */ = {isa = PBXBuildFile; fileRef = 00DA77F6107A728C0094FCAB /* slender_fill_HVV.pdf */; };
		00DA7823107A728C0094FCAB /* slender_outline_corner.pdf in Resources */ = {isa = PBXBuildFile; fileRef = 00DA77F7107A728C0094FCAB /* slender_outline_corner.pdf */; };
		00DA7824107A728C0094FCAB /* slender_outline_DDD.pdf in Resources */ = {isa = PBXBuildFile; fileRef = 00DA77F8107A728C0094FCAB /* slender_outline_DDD.pdf */; };
		00DA7825107A728C0094FCAB /* slender_outline_DHD.pdf in Resources */ = {isa = PBXBuildFile; fileRef = 00DA77F9107A728C0094FCAB /* slender_outline_DHD.pdf */; };
		00DA7826107A728C0094FCAB /* slender_outline_DHH.pdf in Resources */ = {isa = PBXBuildFile; fileRef = 00DA77FA107A728C0094FCAB /* slender_outline_DHH.pdf */; };
		00DA7827107A728C0094FCAB /* slender_outline_DHV.pdf in Resources */ = {isa = PBXBuildFile; fileRef = 00DA77FB107A728C0094FCAB /* slender_outline_DHV.pdf */; };
		00DA7828107A728C0094FCAB /* slender_outline_HDD.pdf in Resources */ = {isa = PBXBuildFile; fileRef = 00DA77FC107A728C0094FCAB /* slender_outline_HDD.pdf */; };
		00DA7829107A728C0094FCAB /* slender_outline_HDH.pdf in Resources */ = {isa = PBXBuildFile; fileRef = 00DA77FD107A728C0094FCAB /* slender_outline_HDH.pdf */; };
		00DA782A107A728C0094FCAB /* slender_outline_HDV.pdf in Resources */ = {isa = PBXBuildFile; fileRef = 00DA77FE107A728C0094FCAB /* slender_outline_HDV.pdf */; };
		00DA782B107A728C0094FCAB /* slender_outline_HHH.pdf in Resources */ = {isa = PBXBuildFile; fileRef = 00DA77FF107A728C0094FCAB /* slender_outline_HHH.pdf */; };
		00DA782C107A728C0094FCAB /* slender_outline_HHV.pdf in Resources */ = {isa = PBXBuildFile; fileRef = 00DA7800107A728C0094FCAB /* slender_outline_HHV.pdf */; };
		00DA782D107A728C0094FCAB /* slender_outline_HVV.pdf in Resources */ = {isa = PBXBuildFile; fileRef = 00DA7801107A728C0094FCAB /* slender_outline_HVV.pdf */; };
		00DA7838107A73320094FCAB /* XamhainView.mm in Sources */ = {isa = PBXBuildFile; fileRef = 00DA7836107A73320094FCAB /* XamhainView.mm */; };
		8D255ACA0486D3F9007BF209 /* InfoPlist.strings in Resources */ = {isa = PBXBuildFile; fileRef = 089C167DFE841241C02AAC07 /* InfoPlist.strings */; };
		8D255ACE0486D3F9007BF209 /* Cocoa.framework in Frameworks */ = {isa = PBXBuildFile; fileRef = 1058C7ADFEA557BF11CA2CBB /* Cocoa.framework */; };
		8D255ACF0486D3F9007BF209 /* ScreenSaver.framework in Frameworks */ = {isa = PBXBuildFile; fileRef = 06F27B2DFFEEEFEF11CA0E56 /* ScreenSaver.framework */; };
/* End PBXBuildFile section */

/* Begin PBXContainerItemProxy section */
		000D03D91089C465003F010E /* PBXContainerItemProxy */ = {
			isa = PBXContainerItemProxy;
			containerPortal = 089C1669FE841209C02AAC07 /* Project object */;
			proxyType = 1;
			remoteGlobalIDString = 8D255AC50486D3F9007BF209;
			remoteInfo = XamhainII;
		};
/* End PBXContainerItemProxy section */

/* Begin PBXFileReference section */
		000AE53A109B577E00DCDFD0 /* README */ = {isa = PBXFileReference; fileEncoding = 4; lastKnownFileType = text; path = README; sourceTree = "<group>"; };
		000AE53D109B57FC00DCDFD0 /* CREDITS */ = {isa = PBXFileReference; fileEncoding = 4; lastKnownFileType = text; path = CREDITS; sourceTree = "<group>"; };
		00151B99109A2BAA00CFFD7F /* XamhainConfigureSheet.xib */ = {isa = PBXFileReference; lastKnownFileType = file.xib; path = XamhainConfigureSheet.xib; sourceTree = "<group>"; };
		001EA1D5109365FC00D05EFB /* XamhainGLView.h */ = {isa = PBXFileReference; fileEncoding = 4; lastKnownFileType = sourcecode.c.h; name = XamhainGLView.h; path = "screen saving/XamhainGLView.h"; sourceTree = "<group>"; };
		001EA1D6109365FC00D05EFB /* XamhainGLView.mm */ = {isa = PBXFileReference; fileEncoding = 4; lastKnownFileType = sourcecode.cpp.objcpp; name = XamhainGLView.mm; path = "screen saving/XamhainGLView.mm"; sourceTree = "<group>"; };
		002438531098D6E100E8A351 /* KnotStyle.h */ = {isa = PBXFileReference; fileEncoding = 4; lastKnownFileType = sourcecode.c.h; name = KnotStyle.h; path = "knot engine/KnotStyle.h"; sourceTree = "<group>"; };
		002438541098D6E100E8A351 /* KnotStyle.cpp */ = {isa = PBXFileReference; fileEncoding = 4; lastKnownFileType = sourcecode.cpp.cpp; name = KnotStyle.cpp; path = "knot engine/KnotStyle.cpp"; sourceTree = "<group>"; };
		0032D325108A30770033FA87 /* OpenGL.framework */ = {isa = PBXFileReference; lastKnownFileType = wrapper.framework; name = OpenGL.framework; path = /System/Library/Frameworks/OpenGL.framework; sourceTree = "<absolute>"; };
		00790DBE10996796007ABF04 /* COPYING */ = {isa = PBXFileReference; explicitFileType = text; fileEncoding = 4; path = COPYING; sourceTree = "<group>"; };
		00791842108B081B00156D67 /* XamhainPreferences.mm */ = {isa = PBXFileReference; fileEncoding = 4; lastKnownFileType = sourcecode.cpp.objcpp; name = XamhainPreferences.mm; path = "screen saving/XamhainPreferences.mm"; sourceTree = "<group>"; };
		00791843108B081B00156D67 /* XamhainPreferences.h */ = {isa = PBXFileReference; fileEncoding = 4; lastKnownFileType = sourcecode.c.h; name = XamhainPreferences.h; path = "screen saving/XamhainPreferences.h"; sourceTree = "<group>"; };
		007C5126108A29BE00ED3242 /* Position.h */ = {isa = PBXFileReference; fileEncoding = 4; lastKnownFileType = sourcecode.c.h; name = Position.h; path = utility/Position.h; sourceTree = "<group>"; };
		007C5127108A29BE00ED3242 /* RandomColor.cpp */ = {isa = PBXFileReference; fileEncoding = 4; lastKnownFileType = sourcecode.cpp.cpp; name = RandomColor.cpp; path = utility/RandomColor.cpp; sourceTree = "<group>"; };
		007C5128108A29BE00ED3242 /* RandomColor.h */ = {isa = PBXFileReference; fileEncoding = 4; lastKnownFileType = sourcecode.c.h; name = RandomColor.h; path = utility/RandomColor.h; sourceTree = "<group>"; };
		007C5129108A29BE00ED3242 /* RandomNumbers.h */ = {isa = PBXFileReference; fileEncoding = 4; lastKnownFileType = sourcecode.c.h; name = RandomNumbers.h; path = utility/RandomNumbers.h; sourceTree = "<group>"; };
		007ED8581090CD6800B01235 /* CircularKnot.cpp */ = {isa = PBXFileReference; fileEncoding = 4; lastKnownFileType = sourcecode.cpp.cpp; name = CircularKnot.cpp; path = "knot engine/CircularKnot.cpp"; sourceTree = "<group>"; };
		007ED8591090CD6800B01235 /* CircularKnot.h */ = {isa = PBXFileReference; fileEncoding = 4; lastKnownFileType = sourcecode.c.h; name = CircularKnot.h; path = "knot engine/CircularKnot.h"; sourceTree = "<group>"; };
		007ED85A1090CD6800B01235 /* ClosedKnot.cpp */ = {isa = PBXFileReference; fileEncoding = 4; lastKnownFileType = sourcecode.cpp.cpp; name = ClosedKnot.cpp; path = "knot engine/ClosedKnot.cpp"; sourceTree = "<group>"; };
		007ED85B1090CD6800B01235 /* ClosedKnot.h */ = {isa = PBXFileReference; fileEncoding = 4; lastKnownFileType = sourcecode.c.h; name = ClosedKnot.h; path = "knot engine/ClosedKnot.h"; sourceTree = "<group>"; };
		007ED85C1090CD6800B01235 /* HorizontalKnot.cpp */ = {isa = PBXFileReference; fileEncoding = 4; lastKnownFileType = sourcecode.cpp.cpp; name = HorizontalKnot.cpp; path = "knot engine/HorizontalKnot.cpp"; sourceTree = "<group>"; };
		007ED85D1090CD6800B01235 /* HorizontalKnot.h */ = {isa = PBXFileReference; fileEncoding = 4; lastKnownFileType = sourcecode.c.h; name = HorizontalKnot.h; path = "knot engine/HorizontalKnot.h"; sourceTree = "<group>"; };
		007ED85E1090CD6800B01235 /* RandomKnot.cpp */ = {isa = PBXFileReference; fileEncoding = 4; lastKnownFileType = sourcecode.cpp.cpp; name = RandomKnot.cpp; path = "knot engine/RandomKnot.cpp"; sourceTree = "<group>"; };
		007ED85F1090CD6800B01235 /* RandomKnot.h */ = {isa = PBXFileReference; fileEncoding = 4; lastKnownFileType = sourcecode.c.h; name = RandomKnot.h; path = "knot engine/RandomKnot.h"; sourceTree = "<group>"; };
		007ED8601090CD6800B01235 /* RectangularKnot.cpp */ = {isa = PBXFileReference; fileEncoding = 4; lastKnownFileType = sourcecode.cpp.cpp; name = RectangularKnot.cpp; path = "knot engine/RectangularKnot.cpp"; sourceTree = "<group>"; };
		007ED8611090CD6800B01235 /* RectangularKnot.h */ = {isa = PBXFileReference; fileEncoding = 4; lastKnownFileType = sourcecode.c.h; name = RectangularKnot.h; path = "knot engine/RectangularKnot.h"; sourceTree = "<group>"; };
		007ED8621090CD6800B01235 /* TiledKnot.cpp */ = {isa = PBXFileReference; fileEncoding = 4; lastKnownFileType = sourcecode.cpp.cpp; name = TiledKnot.cpp; path = "knot engine/TiledKnot.cpp"; sourceTree = "<group>"; };
		007ED8631090CD6800B01235 /* TiledKnot.h */ = {isa = PBXFileReference; fileEncoding = 4; lastKnownFileType = sourcecode.c.h; name = TiledKnot.h; path = "knot engine/TiledKnot.h"; sourceTree = "<group>"; };
		007ED8641090CD6800B01235 /* VerticalKnot.cpp */ = {isa = PBXFileReference; fileEncoding = 4; lastKnownFileType = sourcecode.cpp.cpp; name = VerticalKnot.cpp; path = "knot engine/VerticalKnot.cpp"; sourceTree = "<group>"; };
		007ED8651090CD6800B01235 /* VerticalKnot.h */ = {isa = PBXFileReference; fileEncoding = 4; lastKnownFileType = sourcecode.c.h; name = VerticalKnot.h; path = "knot engine/VerticalKnot.h"; sourceTree = "<group>"; };
		00926761109A0BF600B2EF52 /* defaults.plist */ = {isa = PBXFileReference; fileEncoding = 4; lastKnownFileType = text.plist.xml; path = defaults.plist; sourceTree = "<group>"; };
		0096345B109B5B6700B26FC2 /* XamhainUserDefaultsController.h */ = {isa = PBXFileReference; fileEncoding = 4; lastKnownFileType = sourcecode.c.h; name = XamhainUserDefaultsController.h; path = "screen saving/XamhainUserDefaultsController.h"; sourceTree = "<group>"; };
		0096345C109B5B6700B26FC2 /* XamhainUserDefaultsController.mm */ = {isa = PBXFileReference; fileEncoding = 4; lastKnownFileType = sourcecode.cpp.objcpp; name = XamhainUserDefaultsController.mm; path = "screen saving/XamhainUserDefaultsController.mm"; sourceTree = "<group>"; };
		009D8962108E251800A416CF /* Stroke.mm */ = {isa = PBXFileReference; fileEncoding = 4; lastKnownFileType = sourcecode.cpp.objcpp; name = Stroke.mm; path = "knot engine/Stroke.mm"; sourceTree = "<group>"; };
		009D8963108E251800A416CF /* Stroke.h */ = {isa = PBXFileReference; fileEncoding = 4; lastKnownFileType = sourcecode.c.h; name = Stroke.h; path = "knot engine/Stroke.h"; sourceTree = "<group>"; };
		009D897A108E28C800A416CF /* StrokeSet.cpp */ = {isa = PBXFileReference; fileEncoding = 4; lastKnownFileType = sourcecode.cpp.cpp; name = StrokeSet.cpp; path = "knot engine/StrokeSet.cpp"; sourceTree = "<group>"; };
		009D897B108E28C800A416CF /* StrokeSet.h */ = {isa = PBXFileReference; fileEncoding = 4; lastKnownFileType = sourcecode.c.h; name = StrokeSet.h; path = "knot engine/StrokeSet.h"; sourceTree = "<group>"; };
		00D7B654108F8E9A00432E90 /* KnotSection.cpp */ = {isa = PBXFileReference; fileEncoding = 4; lastKnownFileType = sourcecode.cpp.cpp; name = KnotSection.cpp; path = "knot engine/KnotSection.cpp"; sourceTree = "<group>"; };
		00D7B655108F8E9A00432E90 /* KnotSection.h */ = {isa = PBXFileReference; fileEncoding = 4; lastKnownFileType = sourcecode.c.h; name = KnotSection.h; path = "knot engine/KnotSection.h"; sourceTree = "<group>"; };
		00DA77D6107A728C0094FCAB /* broad_fill_corner.pdf */ = {isa = PBXFileReference; lastKnownFileType = image.pdf; path = broad_fill_corner.pdf; sourceTree = "<group>"; };
		00DA77D7107A728C0094FCAB /* broad_fill_DDD.pdf */ = {isa = PBXFileReference; lastKnownFileType = image.pdf; path = broad_fill_DDD.pdf; sourceTree = "<group>"; };
		00DA77D8107A728C0094FCAB /* broad_fill_DHD.pdf */ = {isa = PBXFileReference; lastKnownFileType = image.pdf; path = broad_fill_DHD.pdf; sourceTree = "<group>"; };
		00DA77D9107A728C0094FCAB /* broad_fill_DHH.pdf */ = {isa = PBXFileReference; lastKnownFileType = image.pdf; path = broad_fill_DHH.pdf; sourceTree = "<group>"; };
		00DA77DA107A728C0094FCAB /* broad_fill_DHV.pdf */ = {isa = PBXFileReference; lastKnownFileType = image.pdf; path = broad_fill_DHV.pdf; sourceTree = "<group>"; };
		00DA77DB107A728C0094FCAB /* broad_fill_HDD.pdf */ = {isa = PBXFileReference; lastKnownFileType = image.pdf; path = broad_fill_HDD.pdf; sourceTree = "<group>"; };
		00DA77DC107A728C0094FCAB /* broad_fill_HDH.pdf */ = {isa = PBXFileReference; lastKnownFileType = image.pdf; path = broad_fill_HDH.pdf; sourceTree = "<group>"; };
		00DA77DD107A728C0094FCAB /* broad_fill_HDV.pdf */ = {isa = PBXFileReference; lastKnownFileType = image.pdf; path = broad_fill_HDV.pdf; sourceTree = "<group>"; };
		00DA77DE107A728C0094FCAB /* broad_fill_HHH.pdf */ = {isa = PBXFileReference; lastKnownFileType = image.pdf; path = broad_fill_HHH.pdf; sourceTree = "<group>"; };
		00DA77DF107A728C0094FCAB /* broad_fill_HHV.pdf */ = {isa = PBXFileReference; lastKnownFileType = image.pdf; path = broad_fill_HHV.pdf; sourceTree = "<group>"; };
		00DA77E0107A728C0094FCAB /* broad_fill_HVV.pdf */ = {isa = PBXFileReference; lastKnownFileType = image.pdf; path = broad_fill_HVV.pdf; sourceTree = "<group>"; };
		00DA77E1107A728C0094FCAB /* broad_outline_corner.pdf */ = {isa = PBXFileReference; lastKnownFileType = image.pdf; path = broad_outline_corner.pdf; sourceTree = "<group>"; };
		00DA77E2107A728C0094FCAB /* broad_outline_DDD.pdf */ = {isa = PBXFileReference; lastKnownFileType = image.pdf; path = broad_outline_DDD.pdf; sourceTree = "<group>"; };
		00DA77E3107A728C0094FCAB /* broad_outline_DHD.pdf */ = {isa = PBXFileReference; lastKnownFileType = image.pdf; path = broad_outline_DHD.pdf; sourceTree = "<group>"; };
		00DA77E4107A728C0094FCAB /* broad_outline_DHH.pdf */ = {isa = PBXFileReference; lastKnownFileType = image.pdf; path = broad_outline_DHH.pdf; sourceTree = "<group>"; };
		00DA77E5107A728C0094FCAB /* broad_outline_DHV.pdf */ = {isa = PBXFileReference; lastKnownFileType = image.pdf; path = broad_outline_DHV.pdf; sourceTree = "<group>"; };
		00DA77E6107A728C0094FCAB /* broad_outline_HDD.pdf */ = {isa = PBXFileReference; lastKnownFileType = image.pdf; path = broad_outline_HDD.pdf; sourceTree = "<group>"; };
		00DA77E7107A728C0094FCAB /* broad_outline_HDH.pdf */ = {isa = PBXFileReference; lastKnownFileType = image.pdf; path = broad_outline_HDH.pdf; sourceTree = "<group>"; };
		00DA77E8107A728C0094FCAB /* broad_outline_HDV.pdf */ = {isa = PBXFileReference; lastKnownFileType = image.pdf; path = broad_outline_HDV.pdf; sourceTree = "<group>"; };
		00DA77E9107A728C0094FCAB /* broad_outline_HHH.pdf */ = {isa = PBXFileReference; lastKnownFileType = image.pdf; path = broad_outline_HHH.pdf; sourceTree = "<group>"; };
		00DA77EA107A728C0094FCAB /* broad_outline_HHV.pdf */ = {isa = PBXFileReference; lastKnownFileType = image.pdf; path = broad_outline_HHV.pdf; sourceTree = "<group>"; };
		00DA77EB107A728C0094FCAB /* broad_outline_HVV.pdf */ = {isa = PBXFileReference; lastKnownFileType = image.pdf; path = broad_outline_HVV.pdf; sourceTree = "<group>"; };
		00DA77EC107A728C0094FCAB /* slender_fill_corner.pdf */ = {isa = PBXFileReference; lastKnownFileType = image.pdf; path = slender_fill_corner.pdf; sourceTree = "<group>"; };
		00DA77ED107A728C0094FCAB /* slender_fill_DDD.pdf */ = {isa = PBXFileReference; lastKnownFileType = image.pdf; path = slender_fill_DDD.pdf; sourceTree = "<group>"; };
		00DA77EE107A728C0094FCAB /* slender_fill_DHD.pdf */ = {isa = PBXFileReference; lastKnownFileType = image.pdf; path = slender_fill_DHD.pdf; sourceTree = "<group>"; };
		00DA77EF107A728C0094FCAB /* slender_fill_DHH.pdf */ = {isa = PBXFileReference; lastKnownFileType = image.pdf; path = slender_fill_DHH.pdf; sourceTree = "<group>"; };
		00DA77F0107A728C0094FCAB /* slender_fill_DHV.pdf */ = {isa = PBXFileReference; lastKnownFileType = image.pdf; path = slender_fill_DHV.pdf; sourceTree = "<group>"; };
		00DA77F1107A728C0094FCAB /* slender_fill_HDD.pdf */ = {isa = PBXFileReference; lastKnownFileType = image.pdf; path = slender_fill_HDD.pdf; sourceTree = "<group>"; };
		00DA77F2107A728C0094FCAB /* slender_fill_HDH.pdf */ = {isa = PBXFileReference; lastKnownFileType = image.pdf; path = slender_fill_HDH.pdf; sourceTree = "<group>"; };
		00DA77F3107A728C0094FCAB /* slender_fill_HDV.pdf */ = {isa = PBXFileReference; lastKnownFileType = image.pdf; path = slender_fill_HDV.pdf; sourceTree = "<group>"; };
		00DA77F4107A728C0094FCAB /* slender_fill_HHH.pdf */ = {isa = PBXFileReference; lastKnownFileType = image.pdf; path = slender_fill_HHH.pdf; sourceTree = "<group>"; };
		00DA77F5107A728C0094FCAB /* slender_fill_HHV.pdf */ = {isa = PBXFileReference; lastKnownFileType = image.pdf; path = slender_fill_HHV.pdf; sourceTree = "<group>"; };
		00DA77F6107A728C0094FCAB /* slender_fill_HVV.pdf */ = {isa = PBXFileReference; lastKnownFileType = image.pdf; path = slender_fill_HVV.pdf; sourceTree = "<group>"; };
		00DA77F7107A728C0094FCAB /* slender_outline_corner.pdf */ = {isa = PBXFileReference; lastKnownFileType = image.pdf; path = slender_outline_corner.pdf; sourceTree = "<group>"; };
		00DA77F8107A728C0094FCAB /* slender_outline_DDD.pdf */ = {isa = PBXFileReference; lastKnownFileType = image.pdf; path = slender_outline_DDD.pdf; sourceTree = "<group>"; };
		00DA77F9107A728C0094FCAB /* slender_outline_DHD.pdf */ = {isa = PBXFileReference; lastKnownFileType = image.pdf; path = slender_outline_DHD.pdf; sourceTree = "<group>"; };
		00DA77FA107A728C0094FCAB /* slender_outline_DHH.pdf */ = {isa = PBXFileReference; lastKnownFileType = image.pdf; path = slender_outline_DHH.pdf; sourceTree = "<group>"; };
		00DA77FB107A728C0094FCAB /* slender_outline_DHV.pdf */ = {isa = PBXFileReference; lastKnownFileType = image.pdf; path = slender_outline_DHV.pdf; sourceTree = "<group>"; };
		00DA77FC107A728C0094FCAB /* slender_outline_HDD.pdf */ = {isa = PBXFileReference; lastKnownFileType = image.pdf; path = slender_outline_HDD.pdf; sourceTree = "<group>"; };
		00DA77FD107A728C0094FCAB /* slender_outline_HDH.pdf */ = {isa = PBXFileReference; lastKnownFileType = image.pdf; path = slender_outline_HDH.pdf; sourceTree = "<group>"; };
		00DA77FE107A728C0094FCAB /* slender_outline_HDV.pdf */ = {isa = PBXFileReference; lastKnownFileType = image.pdf; path = slender_outline_HDV.pdf; sourceTree = "<group>"; };
		00DA77FF107A728C0094FCAB /* slender_outline_HHH.pdf */ = {isa = PBXFileReference; lastKnownFileType = image.pdf; path = slender_outline_HHH.pdf; sourceTree = "<group>"; };
		00DA7800107A728C0094FCAB /* slender_outline_HHV.pdf */ = {isa = PBXFileReference; lastKnownFileType = image.pdf; path = slender_outline_HHV.pdf; sourceTree = "<group>"; };
		00DA7801107A728C0094FCAB /* slender_outline_HVV.pdf */ = {isa = PBXFileReference; lastKnownFileType = image.pdf; path = slender_outline_HVV.pdf; sourceTree = "<group>"; };
		00DA7835107A73320094FCAB /* XamhainView.h */ = {isa = PBXFileReference; fileEncoding = 4; lastKnownFileType = sourcecode.c.h; name = XamhainView.h; path = "screen saving/XamhainView.h"; sourceTree = "<group>"; };
		00DA7836107A73320094FCAB /* XamhainView.mm */ = {isa = PBXFileReference; fileEncoding = 4; lastKnownFileType = sourcecode.cpp.objcpp; name = XamhainView.mm; path = "screen saving/XamhainView.mm"; sourceTree = "<group>"; };
		06F27B2DFFEEEFEF11CA0E56 /* ScreenSaver.framework */ = {isa = PBXFileReference; lastKnownFileType = wrapper.framework; name = ScreenSaver.framework; path = /System/Library/Frameworks/ScreenSaver.framework; sourceTree = "<absolute>"; };
		089C1672FE841209C02AAC07 /* Foundation.framework */ = {isa = PBXFileReference; lastKnownFileType = wrapper.framework; name = Foundation.framework; path = /System/Library/Frameworks/Foundation.framework; sourceTree = "<absolute>"; };
		089C167EFE841241C02AAC07 /* English */ = {isa = PBXFileReference; fileEncoding = 10; lastKnownFileType = text.plist.strings; name = English; path = English.lproj/InfoPlist.strings; sourceTree = "<group>"; };
		089C167FFE841241C02AAC07 /* AppKit.framework */ = {isa = PBXFileReference; lastKnownFileType = wrapper.framework; name = AppKit.framework; path = /System/Library/Frameworks/AppKit.framework; sourceTree = "<absolute>"; };
		1058C7ADFEA557BF11CA2CBB /* Cocoa.framework */ = {isa = PBXFileReference; lastKnownFileType = wrapper.framework; name = Cocoa.framework; path = /System/Library/Frameworks/Cocoa.framework; sourceTree = "<absolute>"; };
		32DBCFA80370C50100C91783 /* XamhainII_Prefix.pch */ = {isa = PBXFileReference; fileEncoding = 4; lastKnownFileType = sourcecode.c.h; path = XamhainII_Prefix.pch; sourceTree = "<group>"; };
		8D255AD20486D3F9007BF209 /* Info.plist */ = {isa = PBXFileReference; fileEncoding = 4; lastKnownFileType = text.plist; path = Info.plist; sourceTree = "<group>"; };
		8D255AD30486D3F9007BF209 /* XamhainII.saver */ = {isa = PBXFileReference; explicitFileType = wrapper.cfbundle; includeInIndex = 0; path = XamhainII.saver; sourceTree = BUILT_PRODUCTS_DIR; };
/* End PBXFileReference section */

/* Begin PBXFrameworksBuildPhase section */
		8D255ACD0486D3F9007BF209 /* Frameworks */ = {
			isa = PBXFrameworksBuildPhase;
			buildActionMask = 2147483647;
			files = (
				8D255ACE0486D3F9007BF209 /* Cocoa.framework in Frameworks */,
				8D255ACF0486D3F9007BF209 /* ScreenSaver.framework in Frameworks */,
				0032D326108A30770033FA87 /* OpenGL.framework in Frameworks */,
			);
			runOnlyForDeploymentPostprocessing = 0;
		};
/* End PBXFrameworksBuildPhase section */

/* Begin PBXGroup section */
		007C5125108A299800ED3242 /* Utility */ = {
			isa = PBXGroup;
			children = (
				007C5126108A29BE00ED3242 /* Position.h */,
				007C5127108A29BE00ED3242 /* RandomColor.cpp */,
				007C5128108A29BE00ED3242 /* RandomColor.h */,
				007C5129108A29BE00ED3242 /* RandomNumbers.h */,
			);
			name = Utility;
			sourceTree = "<group>";
		};
		009D8961108E24ED00A416CF /* Knot Engine */ = {
			isa = PBXGroup;
			children = (
				002438531098D6E100E8A351 /* KnotStyle.h */,
				002438541098D6E100E8A351 /* KnotStyle.cpp */,
				007ED8581090CD6800B01235 /* CircularKnot.cpp */,
				007ED8591090CD6800B01235 /* CircularKnot.h */,
				007ED85A1090CD6800B01235 /* ClosedKnot.cpp */,
				007ED85B1090CD6800B01235 /* ClosedKnot.h */,
				007ED85C1090CD6800B01235 /* HorizontalKnot.cpp */,
				007ED85D1090CD6800B01235 /* HorizontalKnot.h */,
				007ED85E1090CD6800B01235 /* RandomKnot.cpp */,
				007ED85F1090CD6800B01235 /* RandomKnot.h */,
				007ED8601090CD6800B01235 /* RectangularKnot.cpp */,
				007ED8611090CD6800B01235 /* RectangularKnot.h */,
				007ED8621090CD6800B01235 /* TiledKnot.cpp */,
				007ED8631090CD6800B01235 /* TiledKnot.h */,
				007ED8641090CD6800B01235 /* VerticalKnot.cpp */,
				007ED8651090CD6800B01235 /* VerticalKnot.h */,
				00D7B654108F8E9A00432E90 /* KnotSection.cpp */,
				00D7B655108F8E9A00432E90 /* KnotSection.h */,
				009D897A108E28C800A416CF /* StrokeSet.cpp */,
				009D897B108E28C800A416CF /* StrokeSet.h */,
				009D8962108E251800A416CF /* Stroke.mm */,
				009D8963108E251800A416CF /* Stroke.h */,
			);
			name = "Knot Engine";
			sourceTree = "<group>";
		};
		00DA77D5107A728C0094FCAB /* Strokes */ = {
			isa = PBXGroup;
			children = (
				00DA77D6107A728C0094FCAB /* broad_fill_corner.pdf */,
				00DA77D7107A728C0094FCAB /* broad_fill_DDD.pdf */,
				00DA77D8107A728C0094FCAB /* broad_fill_DHD.pdf */,
				00DA77D9107A728C0094FCAB /* broad_fill_DHH.pdf */,
				00DA77DA107A728C0094FCAB /* broad_fill_DHV.pdf */,
				00DA77DB107A728C0094FCAB /* broad_fill_HDD.pdf */,
				00DA77DC107A728C0094FCAB /* broad_fill_HDH.pdf */,
				00DA77DD107A728C0094FCAB /* broad_fill_HDV.pdf */,
				00DA77DE107A728C0094FCAB /* broad_fill_HHH.pdf */,
				00DA77DF107A728C0094FCAB /* broad_fill_HHV.pdf */,
				00DA77E0107A728C0094FCAB /* broad_fill_HVV.pdf */,
				00DA77E1107A728C0094FCAB /* broad_outline_corner.pdf */,
				00DA77E2107A728C0094FCAB /* broad_outline_DDD.pdf */,
				00DA77E3107A728C0094FCAB /* broad_outline_DHD.pdf */,
				00DA77E4107A728C0094FCAB /* broad_outline_DHH.pdf */,
				00DA77E5107A728C0094FCAB /* broad_outline_DHV.pdf */,
				00DA77E6107A728C0094FCAB /* broad_outline_HDD.pdf */,
				00DA77E7107A728C0094FCAB /* broad_outline_HDH.pdf */,
				00DA77E8107A728C0094FCAB /* broad_outline_HDV.pdf */,
				00DA77E9107A728C0094FCAB /* broad_outline_HHH.pdf */,
				00DA77EA107A728C0094FCAB /* broad_outline_HHV.pdf */,
				00DA77EB107A728C0094FCAB /* broad_outline_HVV.pdf */,
				00DA77EC107A728C0094FCAB /* slender_fill_corner.pdf */,
				00DA77ED107A728C0094FCAB /* slender_fill_DDD.pdf */,
				00DA77EE107A728C0094FCAB /* slender_fill_DHD.pdf */,
				00DA77EF107A728C0094FCAB /* slender_fill_DHH.pdf */,
				00DA77F0107A728C0094FCAB /* slender_fill_DHV.pdf */,
				00DA77F1107A728C0094FCAB /* slender_fill_HDD.pdf */,
				00DA77F2107A728C0094FCAB /* slender_fill_HDH.pdf */,
				00DA77F3107A728C0094FCAB /* slender_fill_HDV.pdf */,
				00DA77F4107A728C0094FCAB /* slender_fill_HHH.pdf */,
				00DA77F5107A728C0094FCAB /* slender_fill_HHV.pdf */,
				00DA77F6107A728C0094FCAB /* slender_fill_HVV.pdf */,
				00DA77F7107A728C0094FCAB /* slender_outline_corner.pdf */,
				00DA77F8107A728C0094FCAB /* slender_outline_DDD.pdf */,
				00DA77F9107A728C0094FCAB /* slender_outline_DHD.pdf */,
				00DA77FA107A728C0094FCAB /* slender_outline_DHH.pdf */,
				00DA77FB107A728C0094FCAB /* slender_outline_DHV.pdf */,
				00DA77FC107A728C0094FCAB /* slender_outline_HDD.pdf */,
				00DA77FD107A728C0094FCAB /* slender_outline_HDH.pdf */,
				00DA77FE107A728C0094FCAB /* slender_outline_HDV.pdf */,
				00DA77FF107A728C0094FCAB /* slender_outline_HHH.pdf */,
				00DA7800107A728C0094FCAB /* slender_outline_HHV.pdf */,
				00DA7801107A728C0094FCAB /* slender_outline_HVV.pdf */,
			);
			name = Strokes;
			path = strokes;
			sourceTree = "<group>";
		};
		00DA7833107A72F00094FCAB /* Screen Saving */ = {
			isa = PBXGroup;
			children = (
				001EA1D5109365FC00D05EFB /* XamhainGLView.h */,
				001EA1D6109365FC00D05EFB /* XamhainGLView.mm */,
				00791842108B081B00156D67 /* XamhainPreferences.mm */,
				00791843108B081B00156D67 /* XamhainPreferences.h */,
				00DA7835107A73320094FCAB /* XamhainView.h */,
				00DA7836107A73320094FCAB /* XamhainView.mm */,
				0096345B109B5B6700B26FC2 /* XamhainUserDefaultsController.h */,
				0096345C109B5B6700B26FC2 /* XamhainUserDefaultsController.mm */,
			);
			name = "Screen Saving";
			sourceTree = "<group>";
		};
		089C166AFE841209C02AAC07 /* XamhainII */ = {
			isa = PBXGroup;
			children = (
				009D8961108E24ED00A416CF /* Knot Engine */,
				00DA7833107A72F00094FCAB /* Screen Saving */,
				007C5125108A299800ED3242 /* Utility */,
				32DBCFA70370C4F300C91783 /* Other Sources */,
				089C167CFE841241C02AAC07 /* Resources */,
				089C1671FE841209C02AAC07 /* Frameworks and Libraries */,
				19C28FB8FE9D52D311CA2CBB /* Products */,
			);
			name = XamhainII;
			sourceTree = "<group>";
		};
		089C1671FE841209C02AAC07 /* Frameworks and Libraries */ = {
			isa = PBXGroup;
			children = (
				1058C7ACFEA557BF11CA2CBB /* Linked Frameworks */,
				1058C7AEFEA557BF11CA2CBB /* Other Frameworks */,
			);
			name = "Frameworks and Libraries";
			sourceTree = "<group>";
		};
		089C167CFE841241C02AAC07 /* Resources */ = {
			isa = PBXGroup;
			children = (
				000AE53D109B57FC00DCDFD0 /* CREDITS */,
				00926761109A0BF600B2EF52 /* defaults.plist */,
				00790DBE10996796007ABF04 /* COPYING */,
				00DA77D5107A728C0094FCAB /* Strokes */,
				8D255AD20486D3F9007BF209 /* Info.plist */,
				089C167DFE841241C02AAC07 /* InfoPlist.strings */,
				00151B99109A2BAA00CFFD7F /* XamhainConfigureSheet.xib */,
				000AE53A109B577E00DCDFD0 /* README */,
			);
			name = Resources;
			sourceTree = "<group>";
		};
		1058C7ACFEA557BF11CA2CBB /* Linked Frameworks */ = {
			isa = PBXGroup;
			children = (
				1058C7ADFEA557BF11CA2CBB /* Cocoa.framework */,
				0032D325108A30770033FA87 /* OpenGL.framework */,
				06F27B2DFFEEEFEF11CA0E56 /* ScreenSaver.framework */,
			);
			name = "Linked Frameworks";
			sourceTree = "<group>";
		};
		1058C7AEFEA557BF11CA2CBB /* Other Frameworks */ = {
			isa = PBXGroup;
			children = (
				089C1672FE841209C02AAC07 /* Foundation.framework */,
				089C167FFE841241C02AAC07 /* AppKit.framework */,
			);
			name = "Other Frameworks";
			sourceTree = "<group>";
		};
		19C28FB8FE9D52D311CA2CBB /* Products */ = {
			isa = PBXGroup;
			children = (
				8D255AD30486D3F9007BF209 /* XamhainII.saver */,
			);
			name = Products;
			sourceTree = "<group>";
		};
		32DBCFA70370C4F300C91783 /* Other Sources */ = {
			isa = PBXGroup;
			children = (
				32DBCFA80370C50100C91783 /* XamhainII_Prefix.pch */,
			);
			name = "Other Sources";
			sourceTree = "<group>";
		};
/* End PBXGroup section */

/* Begin PBXHeadersBuildPhase section */
		8D255AC60486D3F9007BF209 /* Headers */ = {
			isa = PBXHeadersBuildPhase;
			buildActionMask = 2147483647;
			files = (
			);
			runOnlyForDeploymentPostprocessing = 0;
		};
/* End PBXHeadersBuildPhase section */

/* Begin PBXNativeTarget section */
		8D255AC50486D3F9007BF209 /* XamhainII */ = {
			isa = PBXNativeTarget;
			buildConfigurationList = EF7AD72D08BB986600CE4634 /* Build configuration list for PBXNativeTarget "XamhainII" */;
			buildPhases = (
				8D255AC60486D3F9007BF209 /* Headers */,
				8D255AC90486D3F9007BF209 /* Resources */,
				8D255ACB0486D3F9007BF209 /* Sources */,
				8D255ACD0486D3F9007BF209 /* Frameworks */,
				8D255AD00486D3F9007BF209 /* Rez */,
			);
			buildRules = (
			);
			dependencies = (
			);
			name = XamhainII;
			productInstallPath = "$(HOME)/Library/Screen Savers";
			productName = XamhainII;
			productReference = 8D255AD30486D3F9007BF209 /* XamhainII.saver */;
			productType = "com.apple.product-type.bundle";
		};
/* End PBXNativeTarget section */

/* Begin PBXProject section */
		089C1669FE841209C02AAC07 /* Project object */ = {
			isa = PBXProject;
			buildConfigurationList = EF7AD73108BB986600CE4634 /* Build configuration list for PBXProject "XamhainII" */;
			compatibilityVersion = "Xcode 3.1";
			hasScannedForEncodings = 1;
			mainGroup = 089C166AFE841209C02AAC07 /* XamhainII */;
			projectDirPath = "";
			projectRoot = "";
			targets = (
				8D255AC50486D3F9007BF209 /* XamhainII */,
				000D03D61089C45F003F010E /* XamhainII.dmg */,
			);
		};
/* End PBXProject section */

/* Begin PBXResourcesBuildPhase section */
		8D255AC90486D3F9007BF209 /* Resources */ = {
			isa = PBXResourcesBuildPhase;
			buildActionMask = 2147483647;
			files = (
				8D255ACA0486D3F9007BF209 /* InfoPlist.strings in Resources */,
				00DA7802107A728C0094FCAB /* broad_fill_corner.pdf in Resources */,
				00DA7803107A728C0094FCAB /* broad_fill_DDD.pdf in Resources */,
				00DA7804107A728C0094FCAB /* broad_fill_DHD.pdf in Resources */,
				00DA7805107A728C0094FCAB /* broad_fill_DHH.pdf in Resources */,
				00DA7806107A728C0094FCAB /* broad_fill_DHV.pdf in Resources */,
				00DA7807107A728C0094FCAB /* broad_fill_HDD.pdf in Resources */,
				00DA7808107A728C0094FCAB /* broad_fill_HDH.pdf in Resources */,
				00DA7809107A728C0094FCAB /* broad_fill_HDV.pdf in Resources */,
				00DA780A107A728C0094FCAB /* broad_fill_HHH.pdf in Resources */,
				00DA780B107A728C0094FCAB /* broad_fill_HHV.pdf in Resources */,
				00DA780C107A728C0094FCAB /* broad_fill_HVV.pdf in Resources */,
				00DA780D107A728C0094FCAB /* broad_outline_corner.pdf in Resources */,
				00DA780E107A728C0094FCAB /* broad_outline_DDD.pdf in Resources */,
				00DA780F107A728C0094FCAB /* broad_outline_DHD.pdf in Resources */,
				00DA7810107A728C0094FCAB /* broad_outline_DHH.pdf in Resources */,
				00DA7811107A728C0094FCAB /* broad_outline_DHV.pdf in Resources */,
				00DA7812107A728C0094FCAB /* broad_outline_HDD.pdf in Resources */,
				00DA7813107A728C0094FCAB /* broad_outline_HDH.pdf in Resources */,
				00DA7814107A728C0094FCAB /* broad_outline_HDV.pdf in Resources */,
				00DA7815107A728C0094FCAB /* broad_outline_HHH.pdf in Resources */,
				00DA7816107A728C0094FCAB /* broad_outline_HHV.pdf in Resources */,
				00DA7817107A728C0094FCAB /* broad_outline_HVV.pdf in Resources */,
				00DA7818107A728C0094FCAB /* slender_fill_corner.pdf in Resources */,
				00DA7819107A728C0094FCAB /* slender_fill_DDD.pdf in Resources */,
				00DA781A107A728C0094FCAB /* slender_fill_DHD.pdf in Resources */,
				00DA781B107A728C0094FCAB /* slender_fill_DHH.pdf in Resources */,
				00DA781C107A728C0094FCAB /* slender_fill_DHV.pdf in Resources */,
				00DA781D107A728C0094FCAB /* slender_fill_HDD.pdf in Resources */,
				00DA781E107A728C0094FCAB /* slender_fill_HDH.pdf in Resources */,
				00DA781F107A728C0094FCAB /* slender_fill_HDV.pdf in Resources */,
				00DA7820107A728C0094FCAB /* slender_fill_HHH.pdf in Resources */,
				00DA7821107A728C0094FCAB /* slender_fill_HHV.pdf in Resources */,
				00DA7822107A728C0094FCAB /* slender_fill_HVV.pdf in Resources */,
				00DA7823107A728C0094FCAB /* slender_outline_corner.pdf in Resources */,
				00DA7824107A728C0094FCAB /* slender_outline_DDD.pdf in Resources */,
				00DA7825107A728C0094FCAB /* slender_outline_DHD.pdf in Resources */,
				00DA7826107A728C0094FCAB /* slender_outline_DHH.pdf in Resources */,
				00DA7827107A728C0094FCAB /* slender_outline_DHV.pdf in Resources */,
				00DA7828107A728C0094FCAB /* slender_outline_HDD.pdf in Resources */,
				00DA7829107A728C0094FCAB /* slender_outline_HDH.pdf in Resources */,
				00DA782A107A728C0094FCAB /* slender_outline_HDV.pdf in Resources */,
				00DA782B107A728C0094FCAB /* slender_outline_HHH.pdf in Resources */,
				00DA782C107A728C0094FCAB /* slender_outline_HHV.pdf in Resources */,
				00DA782D107A728C0094FCAB /* slender_outline_HVV.pdf in Resources */,
				00790DBF10996796007ABF04 /* COPYING in Resources */,
				00926762109A0BF600B2EF52 /* defaults.plist in Resources */,
				00151B9A109A2BAA00CFFD7F /* XamhainConfigureSheet.xib in Resources */,
			);
			runOnlyForDeploymentPostprocessing = 0;
		};
/* End PBXResourcesBuildPhase section */

/* Begin PBXRezBuildPhase section */
		8D255AD00486D3F9007BF209 /* Rez */ = {
			isa = PBXRezBuildPhase;
			buildActionMask = 2147483647;
			files = (
			);
			runOnlyForDeploymentPostprocessing = 0;
		};
/* End PBXRezBuildPhase section */

/* Begin PBXShellScriptBuildPhase section */
		000D03D51089C45F003F010E /* ShellScript */ = {
			isa = PBXShellScriptBuildPhase;
			buildActionMask = 2147483647;
			files = (
			);
			inputPaths = (
				"$(SRCROOT)/$(PROJECT_NAME)-orig.dmg",
				"$(BUILT_PRODUCTS_DIR)/$(PROJECT_NAME).saver",
				"$(SRCROOT)/COPYING",
				"$(SRCROOT)/CREDITS",
				"$(SRCROOT)/README",
			);
			outputPaths = (
				"$(BUILT_PRODUCTS_DIR)/$(PROJECT_NAME).dmg",
			);
			runOnlyForDeploymentPostprocessing = 0;
			shellPath = /bin/sh;
			shellScript = "# See http://jwz.livejournal.com/608927.html?thread=11477151#t11477151\n# for the basic idea behind this.  Originally based on a script by Rob Mayoff\n# which did it rather differently.\n\nset -ex\n\n[ \"$ACTION\" = build ] || exit 0\n[ \"$BUILD_VARIANTS\" = \"normal\" ] || exit 0\n\norig=\"$SRCROOT/misc/$PROJECT_NAME-orig.dmg\"\ndmg=\"$BUILT_PRODUCTS_DIR/$PROJECT_NAME.dmg\"\nmnt=\"/Volumes/$PROJECT_NAME\"\n\n[ -e $mnt ] && exit 1\n\n# Attach the original image\nhdiutil attach -shadow $orig.shadow $orig\n\n# Copy files\nrsync -avE \"$BUILT_PRODUCTS_DIR/$PROJECT_NAME.saver\" $mnt\ncp \"$SRCROOT/COPYING\" $mnt/Info\ncp \"$SRCROOT/CREDITS\" $mnt/Info\ncp \"$SRCROOT/README\"  $mnt/Info\n\n# Detach the image\nhdiutil detach $mnt\n\n# Now convert to a compressed read-only image\nhdiutil convert -ov -format UDZO -o $dmg -shadow $orig.shadow $orig\nhdiutil internet-enable -yes \"$dmg\"\nrm -f $orig.shadow\n";
		};
/* End PBXShellScriptBuildPhase section */

/* Begin PBXSourcesBuildPhase section */
		8D255ACB0486D3F9007BF209 /* Sources */ = {
			isa = PBXSourcesBuildPhase;
			buildActionMask = 2147483647;
			files = (
				00DA7838107A73320094FCAB /* XamhainView.mm in Sources */,
				007C512B108A29BE00ED3242 /* RandomColor.cpp in Sources */,
				00791844108B081B00156D67 /* XamhainPreferences.mm in Sources */,
				009D8964108E251800A416CF /* Stroke.mm in Sources */,
				009D897C108E28C800A416CF /* StrokeSet.cpp in Sources */,
				00D7B656108F8E9A00432E90 /* KnotSection.cpp in Sources */,
				007ED8661090CD6800B01235 /* CircularKnot.cpp in Sources */,
				007ED8681090CD6800B01235 /* ClosedKnot.cpp in Sources */,
				007ED86A1090CD6800B01235 /* HorizontalKnot.cpp in Sources */,
				007ED86C1090CD6800B01235 /* RandomKnot.cpp in Sources */,
				007ED86E1090CD6800B01235 /* RectangularKnot.cpp in Sources */,
				007ED8701090CD6800B01235 /* TiledKnot.cpp in Sources */,
				007ED8721090CD6800B01235 /* VerticalKnot.cpp in Sources */,
				00D188B11094BA31004E4496 /* XamhainGLView.mm in Sources */,
				002438561098D6E100E8A351 /* KnotStyle.cpp in Sources */,
				0096345E109B5B6700B26FC2 /* XamhainUserDefaultsController.mm in Sources */,
			);
			runOnlyForDeploymentPostprocessing = 0;
		};
/* End PBXSourcesBuildPhase section */

/* Begin PBXTargetDependency section */
		000D03DA1089C465003F010E /* PBXTargetDependency */ = {
			isa = PBXTargetDependency;
			target = 8D255AC50486D3F9007BF209 /* XamhainII */;
			targetProxy = 000D03D91089C465003F010E /* PBXContainerItemProxy */;
		};
/* End PBXTargetDependency section */

/* Begin PBXVariantGroup section */
		089C167DFE841241C02AAC07 /* InfoPlist.strings */ = {
			isa = PBXVariantGroup;
			children = (
				089C167EFE841241C02AAC07 /* English */,
			);
			name = InfoPlist.strings;
			sourceTree = "<group>";
		};
/* End PBXVariantGroup section */

/* Begin XCBuildConfiguration section */
		000D03D71089C45F003F010E /* Debug */ = {
			isa = XCBuildConfiguration;
			buildSettings = {
				COPY_PHASE_STRIP = NO;
				GCC_DYNAMIC_NO_PIC = NO;
				GCC_OPTIMIZATION_LEVEL = 0;
				PRODUCT_NAME = XamhainII.dmg;
			};
			name = Debug;
		};
		000D03D81089C45F003F010E /* Release */ = {
			isa = XCBuildConfiguration;
			buildSettings = {
				COPY_PHASE_STRIP = YES;
				DEBUG_INFORMATION_FORMAT = "dwarf-with-dsym";
				GCC_ENABLE_FIX_AND_CONTINUE = NO;
				PRODUCT_NAME = XamhainII.dmg;
				ZERO_LINK = NO;
			};
			name = Release;
		};
		EF7AD72E08BB986600CE4634 /* Debug */ = {
			isa = XCBuildConfiguration;
			buildSettings = {
				GCC_DYNAMIC_NO_PIC = NO;
				GCC_ENABLE_FIX_AND_CONTINUE = YES;
				GCC_ENABLE_OBJC_GC = required;
				GCC_MODEL_TUNING = G5;
				GCC_OPTIMIZATION_LEVEL = 0;
				GCC_PRECOMPILE_PREFIX_HEADER = YES;
				GCC_PREFIX_HEADER = XamhainII_Prefix.pch;
				GCC_STRICT_ALIASING = NO;
				GCC_TREAT_IMPLICIT_FUNCTION_DECLARATIONS_AS_ERRORS = YES;
				GCC_TREAT_WARNINGS_AS_ERRORS = YES;
				GCC_WARN_64_TO_32_BIT_CONVERSION = NO;
				GCC_WARN_ABOUT_MISSING_FIELD_INITIALIZERS = YES;
				GCC_WARN_ABOUT_MISSING_NEWLINE = YES;
				GCC_WARN_ABOUT_MISSING_PROTOTYPES = YES;
				GCC_WARN_CHECK_SWITCH_STATEMENTS = YES;
				GCC_WARN_EFFECTIVE_CPLUSPLUS_VIOLATIONS = NO;
				GCC_WARN_HIDDEN_VIRTUAL_FUNCTIONS = YES;
				GCC_WARN_INITIALIZER_NOT_FULLY_BRACKETED = YES;
				GCC_WARN_MISSING_PARENTHESES = YES;
				GCC_WARN_MULTIPLE_DEFINITION_TYPES_FOR_SELECTOR = NO;
				GCC_WARN_NON_VIRTUAL_DESTRUCTOR = YES;
				GCC_WARN_PEDANTIC = YES;
				GCC_WARN_PROTOTYPE_CONVERSION = NO;
				GCC_WARN_SHADOW = YES;
				GCC_WARN_SIGN_COMPARE = YES;
				GCC_WARN_STRICT_SELECTOR_MATCH = YES;
				GCC_WARN_UNDECLARED_SELECTOR = YES;
				GCC_WARN_UNINITIALIZED_AUTOS = NO;
				GCC_WARN_UNKNOWN_PRAGMAS = YES;
				GCC_WARN_UNUSED_FUNCTION = YES;
				GCC_WARN_UNUSED_LABEL = YES;
				GCC_WARN_UNUSED_PARAMETER = YES;
				GCC_WARN_UNUSED_VALUE = YES;
				INFOPLIST_FILE = Info.plist;
				INSTALL_PATH = "$(HOME)/Library/Screen Savers";
				PRODUCT_NAME = XamhainII;
				WRAPPER_EXTENSION = saver;
				ZERO_LINK = YES;
			};
			name = Debug;
		};
		EF7AD72F08BB986600CE4634 /* Release */ = {
			isa = XCBuildConfiguration;
			buildSettings = {
				DEBUG_INFORMATION_FORMAT = "dwarf-with-dsym";
				GCC_ENABLE_OBJC_GC = required;
				GCC_MODEL_TUNING = G5;
				GCC_PRECOMPILE_PREFIX_HEADER = YES;
				GCC_PREFIX_HEADER = XamhainII_Prefix.pch;
				GCC_TREAT_IMPLICIT_FUNCTION_DECLARATIONS_AS_ERRORS = YES;
				GCC_TREAT_WARNINGS_AS_ERRORS = YES;
				GCC_WARN_64_TO_32_BIT_CONVERSION = NO;
				GCC_WARN_ABOUT_MISSING_FIELD_INITIALIZERS = YES;
				GCC_WARN_ABOUT_MISSING_NEWLINE = YES;
				GCC_WARN_ABOUT_MISSING_PROTOTYPES = YES;
				GCC_WARN_CHECK_SWITCH_STATEMENTS = YES;
				GCC_WARN_HIDDEN_VIRTUAL_FUNCTIONS = YES;
				GCC_WARN_INITIALIZER_NOT_FULLY_BRACKETED = YES;
				GCC_WARN_MISSING_PARENTHESES = YES;
				GCC_WARN_MULTIPLE_DEFINITION_TYPES_FOR_SELECTOR = NO;
				GCC_WARN_NON_VIRTUAL_DESTRUCTOR = YES;
				GCC_WARN_PEDANTIC = YES;
				GCC_WARN_PROTOTYPE_CONVERSION = NO;
				GCC_WARN_SHADOW = YES;
				GCC_WARN_SIGN_COMPARE = YES;
				GCC_WARN_STRICT_SELECTOR_MATCH = YES;
				GCC_WARN_UNDECLARED_SELECTOR = YES;
				GCC_WARN_UNINITIALIZED_AUTOS = YES;
				GCC_WARN_UNKNOWN_PRAGMAS = YES;
				GCC_WARN_UNUSED_FUNCTION = YES;
				GCC_WARN_UNUSED_LABEL = YES;
				GCC_WARN_UNUSED_PARAMETER = YES;
				GCC_WARN_UNUSED_VALUE = YES;
				INFOPLIST_FILE = Info.plist;
				INSTALL_PATH = "$(HOME)/Library/Screen Savers";
				PRODUCT_NAME = XamhainII;
				WRAPPER_EXTENSION = saver;
			};
			name = Release;
		};
		EF7AD73208BB986600CE4634 /* Debug */ = {
			isa = XCBuildConfiguration;
			buildSettings = {
				ARCHS = "$(ARCHS_STANDARD_32_64_BIT)";
				GCC_C_LANGUAGE_STANDARD = gnu99;
				GCC_ENABLE_OBJC_GC = supported;
				GCC_WARN_ABOUT_RETURN_TYPE = YES;
				GCC_WARN_UNUSED_VARIABLE = YES;
				ONLY_ACTIVE_ARCH = NO;
				PREBINDING = NO;
				SDKROOT = macosx10.6;
			};
			name = Debug;
		};
		EF7AD73308BB986600CE4634 /* Release */ = {
			isa = XCBuildConfiguration;
			buildSettings = {
				ARCHS = "$(ARCHS_STANDARD_32_64_BIT)";
				GCC_C_LANGUAGE_STANDARD = gnu99;
				GCC_ENABLE_OBJC_GC = supported;
				GCC_WARN_ABOUT_RETURN_TYPE = YES;
				GCC_WARN_UNUSED_VARIABLE = YES;
				PREBINDING = NO;
				SDKROOT = macosx10.6;
			};
			name = Release;
		};
/* End XCBuildConfiguration section */

/* Begin XCConfigurationList section */
		000D03DC1089C467003F010E /* Build configuration list for PBXAggregateTarget "XamhainII.dmg" */ = {
			isa = XCConfigurationList;
			buildConfigurations = (
				000D03D71089C45F003F010E /* Debug */,
				000D03D81089C45F003F010E /* Release */,
			);
			defaultConfigurationIsVisible = 0;
			defaultConfigurationName = Release;
		};
		EF7AD72D08BB986600CE4634 /* Build configuration list for PBXNativeTarget "XamhainII" */ = {
			isa = XCConfigurationList;
			buildConfigurations = (
				EF7AD72E08BB986600CE4634 /* Debug */,
				EF7AD72F08BB986600CE4634 /* Release */,
			);
			defaultConfigurationIsVisible = 0;
			defaultConfigurationName = Release;
		};
		EF7AD73108BB986600CE4634 /* Build configuration list for PBXProject "XamhainII" */ = {
			isa = XCConfigurationList;
			buildConfigurations = (
				EF7AD73208BB986600CE4634 /* Debug */,
				EF7AD73308BB986600CE4634 /* Release */,
			);
			defaultConfigurationIsVisible = 0;
			defaultConfigurationName = Release;
		};
/* End XCConfigurationList section */
	};
	rootObject = 089C1669FE841209C02AAC07 /* Project object */;
}
