// !$*UTF8*$!
{
	archiveVersion = 1;
	classes = {
	};
	objectVersion = 45;
	objects = {

/* Begin PBXAggregateTarget section */
		000D03D61089C45F003F010E /* XamhainII.dmg */ = {
			isa = PBXAggregateTarget;
			buildConfigurationList = 000D03DC1089C467003F010E /* Build configuration list for PBXAggregateTarget "XamhainII.dmg" */;
			buildPhases = (
				000D03D51089C45F003F010E /* ShellScript */,
			);
			dependencies = (
				000D03DA1089C465003F010E /* PBXTargetDependency */,
			);
			name = XamhainII.dmg;
			productName = XamhainII.dmg;
		};
		007917BB10C26BF300D2916C /* All */ = {
			isa = PBXAggregateTarget;
			buildConfigurationList = 007917C610C26C2D00D2916C /* Build configuration list for PBXAggregateTarget "All" */;
			buildPhases = (
			);
			dependencies = (
				0077D95710C2E7EF002BDDAB /* PBXTargetDependency */,
				007917C110C26C0300D2916C /* PBXTargetDependency */,
				007917C310C26C0300D2916C /* PBXTargetDependency */,
				007917C510C26C0300D2916C /* PBXTargetDependency */,
			);
			name = All;
			productName = All;
		};
/* End PBXAggregateTarget section */

/* Begin PBXBuildFile section */
		002438561098D6E100E8A351 /* KnotStyle.cpp in Sources */ = {isa = PBXBuildFile; fileRef = 002438541098D6E100E8A351 /* KnotStyle.cpp */; };
		0032D326108A30770033FA87 /* OpenGL.framework in Frameworks */ = {isa = PBXBuildFile; fileRef = 0032D325108A30770033FA87 /* OpenGL.framework */; };
		004532EF10A5E5540073D7EA /* XamhainII.icns in Resources */ = {isa = PBXBuildFile; fileRef = 004532EE10A5E5540073D7EA /* XamhainII.icns */; };
		0065BEFF10C0531E00CF6F59 /* SMDoubleSlider.classdescription in Resources */ = {isa = PBXBuildFile; fileRef = 0065BEF610C0531E00CF6F59 /* SMDoubleSlider.classdescription */; };
		0065BF0010C0531E00CF6F59 /* SMDoubleSlider+IBPlugin.m in Sources */ = {isa = PBXBuildFile; fileRef = 0065BEF810C0531E00CF6F59 /* SMDoubleSlider+IBPlugin.m */; };
		0065BF0110C0531E00CF6F59 /* SMDoubleSliderIB3Inspector.m in Sources */ = {isa = PBXBuildFile; fileRef = 0065BEFA10C0531E00CF6F59 /* SMDoubleSliderIB3Inspector.m */; };
		0065BF0210C0531E00CF6F59 /* SMDoubleSliderIB3Inspector.nib in Resources */ = {isa = PBXBuildFile; fileRef = 0065BEFB10C0531E00CF6F59 /* SMDoubleSliderIB3Inspector.nib */; };
		0065BF0310C0531E00CF6F59 /* SMDoubleSliderIB3Library.nib in Resources */ = {isa = PBXBuildFile; fileRef = 0065BEFC10C0531E00CF6F59 /* SMDoubleSliderIB3Library.nib */; };
		0065BF0410C0531E00CF6F59 /* SMDoubleSliderIB3Plugin.m in Sources */ = {isa = PBXBuildFile; fileRef = 0065BEFE10C0531E00CF6F59 /* SMDoubleSliderIB3Plugin.m */; };
		0065BF0F10C053F200CF6F59 /* InterfaceBuilderKit.framework in Frameworks */ = {isa = PBXBuildFile; fileRef = 0065BF0E10C053F200CF6F59 /* InterfaceBuilderKit.framework */; };
		0077D95810C2E82F002BDDAB /* SMDoubleSlider.h in Headers */ = {isa = PBXBuildFile; fileRef = 007FA69B10C04C63003FB309 /* SMDoubleSlider.h */; settings = {ATTRIBUTES = (Public, ); }; };
		0077D95910C2E82F002BDDAB /* SMDoubleSliderCell.h in Headers */ = {isa = PBXBuildFile; fileRef = 007FA69D10C04C63003FB309 /* SMDoubleSliderCell.h */; settings = {ATTRIBUTES = (Public, ); }; };
		0077D95A10C2E8A4002BDDAB /* SMDoubleSlider.m in Sources */ = {isa = PBXBuildFile; fileRef = 007FA69C10C04C63003FB309 /* SMDoubleSlider.m */; };
		0077D95B10C2E8A4002BDDAB /* SMDoubleSliderCell.m in Sources */ = {isa = PBXBuildFile; fileRef = 007FA69E10C04C63003FB309 /* SMDoubleSliderCell.m */; };
		0077D95D10C2E8B7002BDDAB /* Cocoa.framework in Frameworks */ = {isa = PBXBuildFile; fileRef = 0077D95C10C2E8B7002BDDAB /* Cocoa.framework */; };
		0077D99A10C2E9C4002BDDAB /* SMDoubleSliderIB3Framework.framework in Frameworks */ = {isa = PBXBuildFile; fileRef = 0077D95110C2E7E7002BDDAB /* SMDoubleSliderIB3Framework.framework */; };
		0077D9BF10C2EA65002BDDAB /* SMDoubleSliderIB3Framework.framework in Frameworks */ = {isa = PBXBuildFile; fileRef = 0077D95110C2E7E7002BDDAB /* SMDoubleSliderIB3Framework.framework */; };
		0077D9C410C2EA6B002BDDAB /* SMDoubleSliderIB3Framework.framework in CopyFiles */ = {isa = PBXBuildFile; fileRef = 0077D95110C2E7E7002BDDAB /* SMDoubleSliderIB3Framework.framework */; };
		00790DBF10996796007ABF04 /* COPYING in Resources */ = {isa = PBXBuildFile; fileRef = 00790DBE10996796007ABF04 /* COPYING */; };
		00791844108B081B00156D67 /* XamhainPreferences.mm in Sources */ = {isa = PBXBuildFile; fileRef = 00791842108B081B00156D67 /* XamhainPreferences.mm */; };
		007C512B108A29BE00ED3242 /* RandomColor.cpp in Sources */ = {isa = PBXBuildFile; fileRef = 007C5127108A29BE00ED3242 /* RandomColor.cpp */; };
		007CBA0310A596B6004F3B49 /* XamhainConfigureSheet.xib in Resources */ = {isa = PBXBuildFile; fileRef = 007CBA0210A596B6004F3B49 /* XamhainConfigureSheet.xib */; };
		007ED8661090CD6800B01235 /* CircularKnot.cpp in Sources */ = {isa = PBXBuildFile; fileRef = 007ED8581090CD6800B01235 /* CircularKnot.cpp */; };
		007ED8681090CD6800B01235 /* ClosedKnot.cpp in Sources */ = {isa = PBXBuildFile; fileRef = 007ED85A1090CD6800B01235 /* ClosedKnot.cpp */; };
		007ED86A1090CD6800B01235 /* HorizontalKnot.cpp in Sources */ = {isa = PBXBuildFile; fileRef = 007ED85C1090CD6800B01235 /* HorizontalKnot.cpp */; };
		007ED86C1090CD6800B01235 /* RandomKnot.cpp in Sources */ = {isa = PBXBuildFile; fileRef = 007ED85E1090CD6800B01235 /* RandomKnot.cpp */; };
		007ED86E1090CD6800B01235 /* RectangularKnot.cpp in Sources */ = {isa = PBXBuildFile; fileRef = 007ED8601090CD6800B01235 /* RectangularKnot.cpp */; };
		007ED8701090CD6800B01235 /* TiledKnot.cpp in Sources */ = {isa = PBXBuildFile; fileRef = 007ED8621090CD6800B01235 /* TiledKnot.cpp */; };
		007ED8721090CD6800B01235 /* VerticalKnot.cpp in Sources */ = {isa = PBXBuildFile; fileRef = 007ED8641090CD6800B01235 /* VerticalKnot.cpp */; };
		00926762109A0BF600B2EF52 /* defaults.plist in Resources */ = {isa = PBXBuildFile; fileRef = 00926761109A0BF600B2EF52 /* defaults.plist */; };
		0096345E109B5B6700B26FC2 /* XamhainUserDefaultsController.mm in Sources */ = {isa = PBXBuildFile; fileRef = 0096345C109B5B6700B26FC2 /* XamhainUserDefaultsController.mm */; };
		009D8964108E251800A416CF /* Stroke.mm in Sources */ = {isa = PBXBuildFile; fileRef = 009D8962108E251800A416CF /* Stroke.mm */; };
		009D897C108E28C800A416CF /* StrokeSet.cpp in Sources */ = {isa = PBXBuildFile; fileRef = 009D897A108E28C800A416CF /* StrokeSet.cpp */; };
		00D188B11094BA31004E4496 /* XamhainGLView.mm in Sources */ = {isa = PBXBuildFile; fileRef = 001EA1D6109365FC00D05EFB /* XamhainGLView.mm */; };
		00D7B656108F8E9A00432E90 /* KnotSection.cpp in Sources */ = {isa = PBXBuildFile; fileRef = 00D7B654108F8E9A00432E90 /* KnotSection.cpp */; };
		00DA7802107A728C0094FCAB /* broad_fill_corner.pdf in Resources */ = {isa = PBXBuildFile; fileRef = 00DA77D6107A728C0094FCAB /* broad_fill_corner.pdf */; };
		00DA7803107A728C0094FCAB /* broad_fill_DDD.pdf in Resources */ = {isa = PBXBuildFile; fileRef = 00DA77D7107A728C0094FCAB /* broad_fill_DDD.pdf */; };
		00DA7804107A728C0094FCAB /* broad_fill_DHD.pdf in Resources */ = {isa = PBXBuildFile; fileRef = 00DA77D8107A728C0094FCAB /* broad_fill_DHD.pdf */; };
		00DA7805107A728C0094FCAB /* broad_fill_DHH.pdf in Resources */ = {isa = PBXBuildFile; fileRef = 00DA77D9107A728C0094FCAB /* broad_fill_DHH.pdf */; };
		00DA7806107A728C0094FCAB /* broad_fill_DHV.pdf in Resources */ = {isa = PBXBuildFile; fileRef = 00DA77DA107A728C0094FCAB /* broad_fill_DHV.pdf */; };
		00DA7807107A728C0094FCAB /* broad_fill_HDD.pdf in Resources */ = {isa = PBXBuildFile; fileRef = 00DA77DB107A728C0094FCAB /* broad_fill_HDD.pdf */; };
		00DA7808107A728C0094FCAB /* broad_fill_HDH.pdf in Resources */ = {isa = PBXBuildFile; fileRef = 00DA77DC107A728C0094FCAB /* broad_fill_HDH.pdf */; };
		00DA7809107A728C0094FCAB /* broad_fill_HDV.pdf in Resources */ = {isa = PBXBuildFile; fileRef = 00DA77DD107A728C0094FCAB /* broad_fill_HDV.pdf */; };
		00DA780A107A728C0094FCAB /* broad_fill_HHH.pdf in Resources */ = {isa = PBXBuildFile; fileRef = 00DA77DE107A728C0094FCAB /* broad_fill_HHH.pdf */; };
		00DA780B107A728C0094FCAB /* broad_fill_HHV.pdf in Resources */ = {isa = PBXBuildFile; fileRef = 00DA77DF107A728C0094FCAB /* broad_fill_HHV.pdf */; };
		00DA780C107A728C0094FCAB /* broad_fill_HVV.pdf in Resources */ = {isa = PBXBuildFile; fileRef = 00DA77E0107A728C0094FCAB /* broad_fill_HVV.pdf */; };
		00DA780D107A728C0094FCAB /* broad_outline_corner.pdf in Resources */ = {isa = PBXBuildFile; fileRef = 00DA77E1107A728C0094FCAB /* broad_outline_corner.pdf */; };
		00DA780E107A728C0094FCAB /* broad_outline_DDD.pdf in Resources */ = {isa = PBXBuildFile; fileRef = 00DA77E2107A728C0094FCAB /* broad_outline_DDD.pdf */; };
		00DA780F107A728C0094FCAB /* broad_outline_DHD.pdf in Resources */ = {isa = PBXBuildFile; fileRef = 00DA77E3107A728C0094FCAB /* broad_outline_DHD.pdf */; };
		00DA7810107A728C0094FCAB /* broad_outline_DHH.pdf in Resources */ = {isa = PBXBuildFile; fileRef = 00DA77E4107A728C0094FCAB /* broad_outline_DHH.pdf */; };
		00DA7811107A728C0094FCAB /* broad_outline_DHV.pdf in Resources */ = {isa = PBXBuildFile; fileRef = 00DA77E5107A728C0094FCAB /* broad_outline_DHV.pdf */; };
		00DA7812107A728C0094FCAB /* broad_outline_HDD.pdf in Resources */ = {isa = PBXBuildFile; fileRef = 00DA77E6107A728C0094FCAB /* broad_outline_HDD.pdf */; };
		00DA7813107A728C0094FCAB /* broad_outline_HDH.pdf in Resources */ = {isa = PBXBuildFile; fileRef = 00DA77E7107A728C0094FCAB /* broad_outline_HDH.pdf */; };
		00DA7814107A728C0094FCAB /* broad_outline_HDV.pdf in Resources */ = {isa = PBXBuildFile; fileRef = 00DA77E8107A728C0094FCAB /* broad_outline_HDV.pdf */; };
		00DA7815107A728C0094FCAB /* broad_outline_HHH.pdf in Resources */ = {isa = PBXBuildFile; fileRef = 00DA77E9107A728C0094FCAB /* broad_outline_HHH.pdf */; };
		00DA7816107A728C0094FCAB /* broad_outline_HHV.pdf in Resources */ = {isa = PBXBuildFile; fileRef = 00DA77EA107A728C0094FCAB /* broad_outline_HHV.pdf */; };
		00DA7817107A728C0094FCAB /* broad_outline_HVV.pdf in Resources */ = {isa = PBXBuildFile; fileRef = 00DA77EB107A728C0094FCAB /* broad_outline_HVV.pdf */; };
		00DA7818107A728C0094FCAB /* slender_fill_corner.pdf in Resources */ = {isa = PBXBuildFile; fileRef = 00DA77EC107A728C0094FCAB /* slender_fill_corner.pdf */; };
		00DA7819107A728C0094FCAB /* slender_fill_DDD.pdf in Resources */ = {isa = PBXBuildFile; fileRef = 00DA77ED107A728C0094FCAB /* slender_fill_DDD.pdf */; };
		00DA781A107A728C0094FCAB /* slender_fill_DHD.pdf in Resources */ = {isa = PBXBuildFile; fileRef = 00DA77EE107A728C0094FCAB /* slender_fill_DHD.pdf */; };
		00DA781B107A728C0094FCAB /* slender_fill_DHH.pdf in Resources */ = {isa = PBXBuildFile; fileRef = 00DA77EF107A728C0094FCAB /* slender_fill_DHH.pdf */; };
		00DA781C107A728C0094FCAB /* slender_fill_DHV.pdf in Resources */ = {isa = PBXBuildFile; fileRef = 00DA77F0107A728C0094FCAB /* slender_fill_DHV.pdf */; };
		00DA781D107A728C0094FCAB /* slender_fill_HDD.pdf in Resources */ = {isa = PBXBuildFile; fileRef = 00DA77F1107A728C0094FCAB /* slender_fill_HDD.pdf */; };
		00DA781E107A728C0094FCAB /* slender_fill_HDH.pdf in Resources */ = {isa = PBXBuildFile; fileRef = 00DA77F2107A728C0094FCAB /* slender_fill_HDH.pdf */; };
		00DA781F107A728C0094FCAB /* slender_fill_HDV.pdf in Resources */ = {isa = PBXBuildFile; fileRef = 00DA77F3107A728C0094FCAB /* slender_fill_HDV.pdf */; };
		00DA7820107A728C0094FCAB /* slender_fill_HHH.pdf in Resources */ = {isa = PBXBuildFile; fileRef = 00DA77F4107A728C0094FCAB /* slender_fill_HHH.pdf */; };
		00DA7821107A728C0094FCAB /* slender_fill_HHV.pdf in Resources */ = {isa = PBXBuildFile; fileRef = 00DA77F5107A728C0094FCAB /* slender_fill_HHV.pdf */; };
		00DA7822107A728C0094FCAB /* slender_fill_HVV.pdf in Resources */ = {isa = PBXBuildFile; fileRef = 00DA77F6107A728C0094FCAB /* slender_fill_HVV.pdf */; };
		00DA7823107A728C0094FCAB /* slender_outline_corner.pdf in Resources */ = {isa = PBXBuildFile; fileRef = 00DA77F7107A728C0094FCAB /* slender_outline_corner.pdf */; };
		00DA7824107A728C0094FCAB /* slender_outline_DDD.pdf in Resources */ = {isa = PBXBuildFile; fileRef = 00DA77F8107A728C0094FCAB /* slender_outline_DDD.pdf */; };
		00DA7825107A728C0094FCAB /* slender_outline_DHD.pdf in Resources */ = {isa = PBXBuildFile; fileRef = 00DA77F9107A728C0094FCAB /* slender_outline_DHD.pdf */; };
		00DA7826107A728C0094FCAB /* slender_outline_DHH.pdf in Resources */ = {isa = PBXBuildFile; fileRef = 00DA77FA107A728C0094FCAB /* slender_outline_DHH.pdf */; };
		00DA7827107A728C0094FCAB /* slender_outline_DHV.pdf in Resources */ = {isa = PBXBuildFile; fileRef = 00DA77FB107A728C0094FCAB /* slender_outline_DHV.pdf */; };
		00DA7828107A728C0094FCAB /* slender_outline_HDD.pdf in Resources */ = {isa = PBXBuildFile; fileRef = 00DA77FC107A728C0094FCAB /* slender_outline_HDD.pdf */; };
		00DA7829107A728C0094FCAB /* slender_outline_HDH.pdf in Resources */ = {isa = PBXBuildFile; fileRef = 00DA77FD107A728C0094FCAB /* slender_outline_HDH.pdf */; };
		00DA782A107A728C0094FCAB /* slender_outline_HDV.pdf in Resources */ = {isa = PBXBuildFile; fileRef = 00DA77FE107A728C0094FCAB /* slender_outline_HDV.pdf */; };
		00DA782B107A728C0094FCAB /* slender_outline_HHH.pdf in Resources */ = {isa = PBXBuildFile; fileRef = 00DA77FF107A728C0094FCAB /* slender_outline_HHH.pdf */; };
		00DA782C107A728C0094FCAB /* slender_outline_HHV.pdf in Resources */ = {isa = PBXBuildFile; fileRef = 00DA7800107A728C0094FCAB /* slender_outline_HHV.pdf */; };
		00DA782D107A728C0094FCAB /* slender_outline_HVV.pdf in Resources */ = {isa = PBXBuildFile; fileRef = 00DA7801107A728C0094FCAB /* slender_outline_HVV.pdf */; };
		00DA7838107A73320094FCAB /* XamhainView.mm in Sources */ = {isa = PBXBuildFile; fileRef = 00DA7836107A73320094FCAB /* XamhainView.mm */; };
		8D255ACA0486D3F9007BF209 /* InfoPlist.strings in Resources */ = {isa = PBXBuildFile; fileRef = 089C167DFE841241C02AAC07 /* InfoPlist.strings */; };
		8D255ACE0486D3F9007BF209 /* Cocoa.framework in Frameworks */ = {isa = PBXBuildFile; fileRef = 1058C7ADFEA557BF11CA2CBB /* Cocoa.framework */; };
		8D255ACF0486D3F9007BF209 /* ScreenSaver.framework in Frameworks */ = {isa = PBXBuildFile; fileRef = 06F27B2DFFEEEFEF11CA0E56 /* ScreenSaver.framework */; };
/* End PBXBuildFile section */

/* Begin PBXContainerItemProxy section */
		000D03D91089C465003F010E /* PBXContainerItemProxy */ = {
			isa = PBXContainerItemProxy;
			containerPortal = 089C1669FE841209C02AAC07 /* Project object */;
			proxyType = 1;
			remoteGlobalIDString = 8D255AC50486D3F9007BF209;
			remoteInfo = XamhainII;
		};
		0077D95610C2E7EF002BDDAB /* PBXContainerItemProxy */ = {
			isa = PBXContainerItemProxy;
			containerPortal = 089C1669FE841209C02AAC07 /* Project object */;
			proxyType = 1;
			remoteGlobalIDString = 0077D95010C2E7E7002BDDAB;
			remoteInfo = SMDoubleSliderIB3Framework;
		};
		0077D99810C2E9BC002BDDAB /* PBXContainerItemProxy */ = {
			isa = PBXContainerItemProxy;
			containerPortal = 089C1669FE841209C02AAC07 /* Project object */;
			proxyType = 1;
			remoteGlobalIDString = 0077D95010C2E7E7002BDDAB;
			remoteInfo = SMDoubleSliderIB3Framework;
		};
		0077D9BD10C2EA5E002BDDAB /* PBXContainerItemProxy */ = {
			isa = PBXContainerItemProxy;
			containerPortal = 089C1669FE841209C02AAC07 /* Project object */;
			proxyType = 1;
			remoteGlobalIDString = 0077D95010C2E7E7002BDDAB;
			remoteInfo = SMDoubleSliderIB3Framework;
		};
		007917C010C26C0300D2916C /* PBXContainerItemProxy */ = {
			isa = PBXContainerItemProxy;
			containerPortal = 089C1669FE841209C02AAC07 /* Project object */;
			proxyType = 1;
			remoteGlobalIDString = 0065BEE610C0525B00CF6F59;
			remoteInfo = SMDoubleSlider.ibplugin;
		};
		007917C210C26C0300D2916C /* PBXContainerItemProxy */ = {
			isa = PBXContainerItemProxy;
			containerPortal = 089C1669FE841209C02AAC07 /* Project object */;
			proxyType = 1;
			remoteGlobalIDString = 8D255AC50486D3F9007BF209;
			remoteInfo = XamhainII;
		};
		007917C410C26C0300D2916C /* PBXContainerItemProxy */ = {
			isa = PBXContainerItemProxy;
			containerPortal = 089C1669FE841209C02AAC07 /* Project object */;
			proxyType = 1;
			remoteGlobalIDString = 000D03D61089C45F003F010E;
			remoteInfo = XamhainII.dmg;
		};
/* End PBXContainerItemProxy section */

/* Begin PBXCopyFilesBuildPhase section */
		007FA67F10C0491F003FB309 /* CopyFiles */ = {
			isa = PBXCopyFilesBuildPhase;
			buildActionMask = 2147483647;
			dstPath = "";
			dstSubfolderSpec = 10;
			files = (
				0077D9C410C2EA6B002BDDAB /* SMDoubleSliderIB3Framework.framework in CopyFiles */,
			);
			runOnlyForDeploymentPostprocessing = 0;
		};
/* End PBXCopyFilesBuildPhase section */

/* Begin PBXFileReference section */
		000AE53A109B577E00DCDFD0 /* README */ = {isa = PBXFileReference; fileEncoding = 4; lastKnownFileType = text; path = README; sourceTree = "<group>"; };
		000AE53D109B57FC00DCDFD0 /* CREDITS */ = {isa = PBXFileReference; fileEncoding = 4; lastKnownFileType = text; path = CREDITS; sourceTree = "<group>"; };
		00151B99109A2BAA00CFFD7F /* en */ = {isa = PBXFileReference; lastKnownFileType = file.xib; name = en; path = en.lproj/XamhainConfigureSheet.xib; sourceTree = "<group>"; };
		001EA1D5109365FC00D05EFB /* XamhainGLView.h */ = {isa = PBXFileReference; fileEncoding = 4; lastKnownFileType = sourcecode.c.h; name = XamhainGLView.h; path = "screen saving/XamhainGLView.h"; sourceTree = "<group>"; };
		001EA1D6109365FC00D05EFB /* XamhainGLView.mm */ = {isa = PBXFileReference; fileEncoding = 4; lastKnownFileType = sourcecode.cpp.objcpp; name = XamhainGLView.mm; path = "screen saving/XamhainGLView.mm"; sourceTree = "<group>"; };
		002438531098D6E100E8A351 /* KnotStyle.h */ = {isa = PBXFileReference; fileEncoding = 4; lastKnownFileType = sourcecode.c.h; name = KnotStyle.h; path = "knot engine/KnotStyle.h"; sourceTree = "<group>"; };
		002438541098D6E100E8A351 /* KnotStyle.cpp */ = {isa = PBXFileReference; fileEncoding = 4; lastKnownFileType = sourcecode.cpp.cpp; name = KnotStyle.cpp; path = "knot engine/KnotStyle.cpp"; sourceTree = "<group>"; };
		0032D325108A30770033FA87 /* OpenGL.framework */ = {isa = PBXFileReference; lastKnownFileType = wrapper.framework; name = OpenGL.framework; path = /System/Library/Frameworks/OpenGL.framework; sourceTree = "<absolute>"; };
		004532EE10A5E5540073D7EA /* XamhainII.icns */ = {isa = PBXFileReference; lastKnownFileType = image.icns; name = XamhainII.icns; path = misc/XamhainII.icns; sourceTree = "<group>"; };
		0065BEE710C0525B00CF6F59 /* SMDoubleSlider.ibplugin */ = {isa = PBXFileReference; explicitFileType = wrapper.cfbundle; includeInIndex = 0; path = SMDoubleSlider.ibplugin; sourceTree = BUILT_PRODUCTS_DIR; };
		0065BEF610C0531E00CF6F59 /* SMDoubleSlider.classdescription */ = {isa = PBXFileReference; fileEncoding = 4; lastKnownFileType = text.plist.ibClassDescription; name = SMDoubleSlider.classdescription; path = SMDoubleSlider/IB_Plugin_code/SMDoubleSlider.classdescription; sourceTree = "<group>"; };
		0065BEF710C0531E00CF6F59 /* SMDoubleSlider+IBPlugin.h */ = {isa = PBXFileReference; fileEncoding = 4; lastKnownFileType = sourcecode.c.h; name = "SMDoubleSlider+IBPlugin.h"; path = "SMDoubleSlider/IB_Plugin_code/SMDoubleSlider+IBPlugin.h"; sourceTree = "<group>"; };
		0065BEF810C0531E00CF6F59 /* SMDoubleSlider+IBPlugin.m */ = {isa = PBXFileReference; fileEncoding = 4; lastKnownFileType = sourcecode.c.objc; name = "SMDoubleSlider+IBPlugin.m"; path = "SMDoubleSlider/IB_Plugin_code/SMDoubleSlider+IBPlugin.m"; sourceTree = "<group>"; };
		0065BEF910C0531E00CF6F59 /* SMDoubleSliderIB3Inspector.h */ = {isa = PBXFileReference; fileEncoding = 4; lastKnownFileType = sourcecode.c.h; name = SMDoubleSliderIB3Inspector.h; path = SMDoubleSlider/IB_Plugin_code/SMDoubleSliderIB3Inspector.h; sourceTree = "<group>"; };
		0065BEFA10C0531E00CF6F59 /* SMDoubleSliderIB3Inspector.m */ = {isa = PBXFileReference; fileEncoding = 4; lastKnownFileType = sourcecode.c.objc; name = SMDoubleSliderIB3Inspector.m; path = SMDoubleSlider/IB_Plugin_code/SMDoubleSliderIB3Inspector.m; sourceTree = "<group>"; };
		0065BEFB10C0531E00CF6F59 /* SMDoubleSliderIB3Inspector.nib */ = {isa = PBXFileReference; lastKnownFileType = wrapper.nib; name = SMDoubleSliderIB3Inspector.nib; path = SMDoubleSlider/IB_Plugin_code/SMDoubleSliderIB3Inspector.nib; sourceTree = "<group>"; };
		0065BEFC10C0531E00CF6F59 /* SMDoubleSliderIB3Library.nib */ = {isa = PBXFileReference; explicitFileType = file; name = SMDoubleSliderIB3Library.nib; path = SMDoubleSlider/IB_Plugin_code/SMDoubleSliderIB3Library.nib; sourceTree = "<group>"; };
		0065BEFD10C0531E00CF6F59 /* SMDoubleSliderIB3Plugin.h */ = {isa = PBXFileReference; fileEncoding = 4; lastKnownFileType = sourcecode.c.h; name = SMDoubleSliderIB3Plugin.h; path = SMDoubleSlider/IB_Plugin_code/SMDoubleSliderIB3Plugin.h; sourceTree = "<group>"; };
		0065BEFE10C0531E00CF6F59 /* SMDoubleSliderIB3Plugin.m */ = {isa = PBXFileReference; fileEncoding = 4; lastKnownFileType = sourcecode.c.objc; name = SMDoubleSliderIB3Plugin.m; path = SMDoubleSlider/IB_Plugin_code/SMDoubleSliderIB3Plugin.m; sourceTree = "<group>"; };
		0065BF0810C0535300CF6F59 /* Info-IB_Plugin.plist */ = {isa = PBXFileReference; fileEncoding = 4; lastKnownFileType = text.plist.xml; name = "Info-IB_Plugin.plist"; path = "SMDoubleSlider/IB_Plugin_code/Info-IB_Plugin.plist"; sourceTree = "<group>"; };
		0065BF0E10C053F200CF6F59 /* InterfaceBuilderKit.framework */ = {isa = PBXFileReference; lastKnownFileType = wrapper.framework; name = InterfaceBuilderKit.framework; path = Library/Frameworks/InterfaceBuilderKit.framework; sourceTree = DEVELOPER_DIR; };
		0077D95110C2E7E7002BDDAB /* SMDoubleSliderIB3Framework.framework */ = {isa = PBXFileReference; explicitFileType = wrapper.framework; includeInIndex = 0; path = SMDoubleSliderIB3Framework.framework; sourceTree = BUILT_PRODUCTS_DIR; };
		0077D95C10C2E8B7002BDDAB /* Cocoa.framework */ = {isa = PBXFileReference; lastKnownFileType = wrapper.framework; name = Cocoa.framework; path = System/Library/Frameworks/Cocoa.framework; sourceTree = SDKROOT; };
		00790DBE10996796007ABF04 /* COPYING */ = {isa = PBXFileReference; explicitFileType = text; fileEncoding = 4; path = COPYING; sourceTree = "<group>"; };
		00791842108B081B00156D67 /* XamhainPreferences.mm */ = {isa = PBXFileReference; fileEncoding = 4; lastKnownFileType = sourcecode.cpp.objcpp; name = XamhainPreferences.mm; path = "screen saving/XamhainPreferences.mm"; sourceTree = "<group>"; };
		00791843108B081B00156D67 /* XamhainPreferences.h */ = {isa = PBXFileReference; fileEncoding = 4; lastKnownFileType = sourcecode.c.h; name = XamhainPreferences.h; path = "screen saving/XamhainPreferences.h"; sourceTree = "<group>"; };
		007C5126108A29BE00ED3242 /* Position.h */ = {isa = PBXFileReference; fileEncoding = 4; lastKnownFileType = sourcecode.c.h; name = Position.h; path = utility/Position.h; sourceTree = "<group>"; };
		007C5127108A29BE00ED3242 /* RandomColor.cpp */ = {isa = PBXFileReference; fileEncoding = 4; lastKnownFileType = sourcecode.cpp.cpp; name = RandomColor.cpp; path = utility/RandomColor.cpp; sourceTree = "<group>"; };
		007C5128108A29BE00ED3242 /* RandomColor.h */ = {isa = PBXFileReference; fileEncoding = 4; lastKnownFileType = sourcecode.c.h; name = RandomColor.h; path = utility/RandomColor.h; sourceTree = "<group>"; };
		007C5129108A29BE00ED3242 /* RandomNumbers.h */ = {isa = PBXFileReference; fileEncoding = 4; lastKnownFileType = sourcecode.c.h; name = RandomNumbers.h; path = utility/RandomNumbers.h; sourceTree = "<group>"; };
		007ED8581090CD6800B01235 /* CircularKnot.cpp */ = {isa = PBXFileReference; fileEncoding = 4; lastKnownFileType = sourcecode.cpp.cpp; name = CircularKnot.cpp; path = "knot engine/CircularKnot.cpp"; sourceTree = "<group>"; };
		007ED8591090CD6800B01235 /* CircularKnot.h */ = {isa = PBXFileReference; fileEncoding = 4; lastKnownFileType = sourcecode.c.h; name = CircularKnot.h; path = "knot engine/CircularKnot.h"; sourceTree = "<group>"; };
		007ED85A1090CD6800B01235 /* ClosedKnot.cpp */ = {isa = PBXFileReference; fileEncoding = 4; lastKnownFileType = sourcecode.cpp.cpp; name = ClosedKnot.cpp; path = "knot engine/ClosedKnot.cpp"; sourceTree = "<group>"; };
		007ED85B1090CD6800B01235 /* ClosedKnot.h */ = {isa = PBXFileReference; fileEncoding = 4; lastKnownFileType = sourcecode.c.h; name = ClosedKnot.h; path = "knot engine/ClosedKnot.h"; sourceTree = "<group>"; };
		007ED85C1090CD6800B01235 /* HorizontalKnot.cpp */ = {isa = PBXFileReference; fileEncoding = 4; lastKnownFileType = sourcecode.cpp.cpp; name = HorizontalKnot.cpp; path = "knot engine/HorizontalKnot.cpp"; sourceTree = "<group>"; };
		007ED85D1090CD6800B01235 /* HorizontalKnot.h */ = {isa = PBXFileReference; fileEncoding = 4; lastKnownFileType = sourcecode.c.h; name = HorizontalKnot.h; path = "knot engine/HorizontalKnot.h"; sourceTree = "<group>"; };
		007ED85E1090CD6800B01235 /* RandomKnot.cpp */ = {isa = PBXFileReference; fileEncoding = 4; lastKnownFileType = sourcecode.cpp.cpp; name = RandomKnot.cpp; path = "knot engine/RandomKnot.cpp"; sourceTree = "<group>"; };
		007ED85F1090CD6800B01235 /* RandomKnot.h */ = {isa = PBXFileReference; fileEncoding = 4; lastKnownFileType = sourcecode.c.h; name = RandomKnot.h; path = "knot engine/RandomKnot.h"; sourceTree = "<group>"; };
		007ED8601090CD6800B01235 /* RectangularKnot.cpp */ = {isa = PBXFileReference; fileEncoding = 4; lastKnownFileType = sourcecode.cpp.cpp; name = RectangularKnot.cpp; path = "knot engine/RectangularKnot.cpp"; sourceTree = "<group>"; };
		007ED8611090CD6800B01235 /* RectangularKnot.h */ = {isa = PBXFileReference; fileEncoding = 4; lastKnownFileType = sourcecode.c.h; name = RectangularKnot.h; path = "knot engine/RectangularKnot.h"; sourceTree = "<group>"; };
		007ED8621090CD6800B01235 /* TiledKnot.cpp */ = {isa = PBXFileReference; fileEncoding = 4; lastKnownFileType = sourcecode.cpp.cpp; name = TiledKnot.cpp; path = "knot engine/TiledKnot.cpp"; sourceTree = "<group>"; };
		007ED8631090CD6800B01235 /* TiledKnot.h */ = {isa = PBXFileReference; fileEncoding = 4; lastKnownFileType = sourcecode.c.h; name = TiledKnot.h; path = "knot engine/TiledKnot.h"; sourceTree = "<group>"; };
		007ED8641090CD6800B01235 /* VerticalKnot.cpp */ = {isa = PBXFileReference; fileEncoding = 4; lastKnownFileType = sourcecode.cpp.cpp; name = VerticalKnot.cpp; path = "knot engine/VerticalKnot.cpp"; sourceTree = "<group>"; };
		007ED8651090CD6800B01235 /* VerticalKnot.h */ = {isa = PBXFileReference; fileEncoding = 4; lastKnownFileType = sourcecode.c.h; name = VerticalKnot.h; path = "knot engine/VerticalKnot.h"; sourceTree = "<group>"; };
		007FA69B10C04C63003FB309 /* SMDoubleSlider.h */ = {isa = PBXFileReference; fileEncoding = 4; lastKnownFileType = sourcecode.c.h; name = SMDoubleSlider.h; path = SMDoubleSlider/Framework_code/SMDoubleSlider.h; sourceTree = "<group>"; };
		007FA69C10C04C63003FB309 /* SMDoubleSlider.m */ = {isa = PBXFileReference; fileEncoding = 4; lastKnownFileType = sourcecode.c.objc; name = SMDoubleSlider.m; path = SMDoubleSlider/Framework_code/SMDoubleSlider.m; sourceTree = "<group>"; };
		007FA69D10C04C63003FB309 /* SMDoubleSliderCell.h */ = {isa = PBXFileReference; fileEncoding = 4; lastKnownFileType = sourcecode.c.h; name = SMDoubleSliderCell.h; path = SMDoubleSlider/Framework_code/SMDoubleSliderCell.h; sourceTree = "<group>"; };
		007FA69E10C04C63003FB309 /* SMDoubleSliderCell.m */ = {isa = PBXFileReference; fileEncoding = 4; lastKnownFileType = sourcecode.c.objc; name = SMDoubleSliderCell.m; path = SMDoubleSlider/Framework_code/SMDoubleSliderCell.m; sourceTree = "<group>"; };
		007FA6A410C04C92003FB309 /* SMDoubleSliderIB3Framework-Info.plist */ = {isa = PBXFileReference; fileEncoding = 4; lastKnownFileType = text.plist.xml; name = "SMDoubleSliderIB3Framework-Info.plist"; path = "SMDoubleSlider/Framework_code/SMDoubleSliderIB3Framework-Info.plist"; sourceTree = "<group>"; };
		00926761109A0BF600B2EF52 /* defaults.plist */ = {isa = PBXFileReference; fileEncoding = 4; lastKnownFileType = text.plist.xml; path = defaults.plist; sourceTree = "<group>"; };
		0096345B109B5B6700B26FC2 /* XamhainUserDefaultsController.h */ = {isa = PBXFileReference; fileEncoding = 4; lastKnownFileType = sourcecode.c.h; name = XamhainUserDefaultsController.h; path = "screen saving/XamhainUserDefaultsController.h"; sourceTree = "<group>"; };
		0096345C109B5B6700B26FC2 /* XamhainUserDefaultsController.mm */ = {isa = PBXFileReference; fileEncoding = 4; lastKnownFileType = sourcecode.cpp.objcpp; name = XamhainUserDefaultsController.mm; path = "screen saving/XamhainUserDefaultsController.mm"; sourceTree = "<group>"; };
		009D8962108E251800A416CF /* Stroke.mm */ = {isa = PBXFileReference; fileEncoding = 4; lastKnownFileType = sourcecode.cpp.objcpp; name = Stroke.mm; path = "knot engine/Stroke.mm"; sourceTree = "<group>"; };
		009D8963108E251800A416CF /* Stroke.h */ = {isa = PBXFileReference; fileEncoding = 4; lastKnownFileType = sourcecode.c.h; name = Stroke.h; path = "knot engine/Stroke.h"; sourceTree = "<group>"; };
		009D897A108E28C800A416CF /* StrokeSet.cpp */ = {isa = PBXFileReference; fileEncoding = 4; lastKnownFileType = sourcecode.cpp.cpp; name = StrokeSet.cpp; path = "knot engine/StrokeSet.cpp"; sourceTree = "<group>"; };
		009D897B108E28C800A416CF /* StrokeSet.h */ = {isa = PBXFileReference; fileEncoding = 4; lastKnownFileType = sourcecode.c.h; name = StrokeSet.h; path = "knot engine/StrokeSet.h"; sourceTree = "<group>"; };
		00D7B654108F8E9A00432E90 /* KnotSection.cpp */ = {isa = PBXFileReference; fileEncoding = 4; lastKnownFileType = sourcecode.cpp.cpp; name = KnotSection.cpp; path = "knot engine/KnotSection.cpp"; sourceTree = "<group>"; };
		00D7B655108F8E9A00432E90 /* KnotSection.h */ = {isa = PBXFileReference; fileEncoding = 4; lastKnownFileType = sourcecode.c.h; name = KnotSection.h; path = "knot engine/KnotSection.h"; sourceTree = "<group>"; };
		00DA77D6107A728C0094FCAB /* broad_fill_corner.pdf */ = {isa = PBXFileReference; lastKnownFileType = image.pdf; path = broad_fill_corner.pdf; sourceTree = "<group>"; };
		00DA77D7107A728C0094FCAB /* broad_fill_DDD.pdf */ = {isa = PBXFileReference; lastKnownFileType = image.pdf; path = broad_fill_DDD.pdf; sourceTree = "<group>"; };
		00DA77D8107A728C0094FCAB /* broad_fill_DHD.pdf */ = {isa = PBXFileReference; lastKnownFileType = image.pdf; path = broad_fill_DHD.pdf; sourceTree = "<group>"; };
		00DA77D9107A728C0094FCAB /* broad_fill_DHH.pdf */ = {isa = PBXFileReference; lastKnownFileType = image.pdf; path = broad_fill_DHH.pdf; sourceTree = "<group>"; };
		00DA77DA107A728C0094FCAB /* broad_fill_DHV.pdf */ = {isa = PBXFileReference; lastKnownFileType = image.pdf; path = broad_fill_DHV.pdf; sourceTree = "<group>"; };
		00DA77DB107A728C0094FCAB /* broad_fill_HDD.pdf */ = {isa = PBXFileReference; lastKnownFileType = image.pdf; path = broad_fill_HDD.pdf; sourceTree = "<group>"; };
		00DA77DC107A728C0094FCAB /* broad_fill_HDH.pdf */ = {isa = PBXFileReference; lastKnownFileType = image.pdf; path = broad_fill_HDH.pdf; sourceTree = "<group>"; };
		00DA77DD107A728C0094FCAB /* broad_fill_HDV.pdf */ = {isa = PBXFileReference; lastKnownFileType = image.pdf; path = broad_fill_HDV.pdf; sourceTree = "<group>"; };
		00DA77DE107A728C0094FCAB /* broad_fill_HHH.pdf */ = {isa = PBXFileReference; lastKnownFileType = image.pdf; path = broad_fill_HHH.pdf; sourceTree = "<group>"; };
		00DA77DF107A728C0094FCAB /* broad_fill_HHV.pdf */ = {isa = PBXFileReference; lastKnownFileType = image.pdf; path = broad_fill_HHV.pdf; sourceTree = "<group>"; };
		00DA77E0107A728C0094FCAB /* broad_fill_HVV.pdf */ = {isa = PBXFileReference; lastKnownFileType = image.pdf; path = broad_fill_HVV.pdf; sourceTree = "<group>"; };
		00DA77E1107A728C0094FCAB /* broad_outline_corner.pdf */ = {isa = PBXFileReference; lastKnownFileType = image.pdf; path = broad_outline_corner.pdf; sourceTree = "<group>"; };
		00DA77E2107A728C0094FCAB /* broad_outline_DDD.pdf */ = {isa = PBXFileReference; lastKnownFileType = image.pdf; path = broad_outline_DDD.pdf; sourceTree = "<group>"; };
		00DA77E3107A728C0094FCAB /* broad_outline_DHD.pdf */ = {isa = PBXFileReference; lastKnownFileType = image.pdf; path = broad_outline_DHD.pdf; sourceTree = "<group>"; };
		00DA77E4107A728C0094FCAB /* broad_outline_DHH.pdf */ = {isa = PBXFileReference; lastKnownFileType = image.pdf; path = broad_outline_DHH.pdf; sourceTree = "<group>"; };
		00DA77E5107A728C0094FCAB /* broad_outline_DHV.pdf */ = {isa = PBXFileReference; lastKnownFileType = image.pdf; path = broad_outline_DHV.pdf; sourceTree = "<group>"; };
		00DA77E6107A728C0094FCAB /* broad_outline_HDD.pdf */ = {isa = PBXFileReference; lastKnownFileType = image.pdf; path = broad_outline_HDD.pdf; sourceTree = "<group>"; };
		00DA77E7107A728C0094FCAB /* broad_outline_HDH.pdf */ = {isa = PBXFileReference; lastKnownFileType = image.pdf; path = broad_outline_HDH.pdf; sourceTree = "<group>"; };
		00DA77E8107A728C0094FCAB /* broad_outline_HDV.pdf */ = {isa = PBXFileReference; lastKnownFileType = image.pdf; path = broad_outline_HDV.pdf; sourceTree = "<group>"; };
		00DA77E9107A728C0094FCAB /* broad_outline_HHH.pdf */ = {isa = PBXFileReference; lastKnownFileType = image.pdf; path = broad_outline_HHH.pdf; sourceTree = "<group>"; };
		00DA77EA107A728C0094FCAB /* broad_outline_HHV.pdf */ = {isa = PBXFileReference; lastKnownFileType = image.pdf; path = broad_outline_HHV.pdf; sourceTree = "<group>"; };
		00DA77EB107A728C0094FCAB /* broad_outline_HVV.pdf */ = {isa = PBXFileReference; lastKnownFileType = image.pdf; path = broad_outline_HVV.pdf; sourceTree = "<group>"; };
		00DA77EC107A728C0094FCAB /* slender_fill_corner.pdf */ = {isa = PBXFileReference; lastKnownFileType = image.pdf; path = slender_fill_corner.pdf; sourceTree = "<group>"; };
		00DA77ED107A728C0094FCAB /* slender_fill_DDD.pdf */ = {isa = PBXFileReference; lastKnownFileType = image.pdf; path = slender_fill_DDD.pdf; sourceTree = "<group>"; };
		00DA77EE107A728C0094FCAB /* slender_fill_DHD.pdf */ = {isa = PBXFileReference; lastKnownFileType = image.pdf; path = slender_fill_DHD.pdf; sourceTree = "<group>"; };
		00DA77EF107A728C0094FCAB /* slender_fill_DHH.pdf */ = {isa = PBXFileReference; lastKnownFileType = image.pdf; path = slender_fill_DHH.pdf; sourceTree = "<group>"; };
		00DA77F0107A728C0094FCAB /* slender_fill_DHV.pdf */ = {isa = PBXFileReference; lastKnownFileType = image.pdf; path = slender_fill_DHV.pdf; sourceTree = "<group>"; };
		00DA77F1107A728C0094FCAB /* slender_fill_HDD.pdf */ = {isa = PBXFileReference; lastKnownFileType = image.pdf; path = slender_fill_HDD.pdf; sourceTree = "<group>"; };
		00DA77F2107A728C0094FCAB /* slender_fill_HDH.pdf */ = {isa = PBXFileReference; lastKnownFileType = image.pdf; path = slender_fill_HDH.pdf; sourceTree = "<group>"; };
		00DA77F3107A728C0094FCAB /* slender_fill_HDV.pdf */ = {isa = PBXFileReference; lastKnownFileType = image.pdf; path = slender_fill_HDV.pdf; sourceTree = "<group>"; };
		00DA77F4107A728C0094FCAB /* slender_fill_HHH.pdf */ = {isa = PBXFileReference; lastKnownFileType = image.pdf; path = slender_fill_HHH.pdf; sourceTree = "<group>"; };
		00DA77F5107A728C0094FCAB /* slender_fill_HHV.pdf */ = {isa = PBXFileReference; lastKnownFileType = image.pdf; path = slender_fill_HHV.pdf; sourceTree = "<group>"; };
		00DA77F6107A728C0094FCAB /* slender_fill_HVV.pdf */ = {isa = PBXFileReference; lastKnownFileType = image.pdf; path = slender_fill_HVV.pdf; sourceTree = "<group>"; };
		00DA77F7107A728C0094FCAB /* slender_outline_corner.pdf */ = {isa = PBXFileReference; lastKnownFileType = image.pdf; path = slender_outline_corner.pdf; sourceTree = "<group>"; };
		00DA77F8107A728C0094FCAB /* slender_outline_DDD.pdf */ = {isa = PBXFileReference; lastKnownFileType = image.pdf; path = slender_outline_DDD.pdf; sourceTree = "<group>"; };
		00DA77F9107A728C0094FCAB /* slender_outline_DHD.pdf */ = {isa = PBXFileReference; lastKnownFileType = image.pdf; path = slender_outline_DHD.pdf; sourceTree = "<group>"; };
		00DA77FA107A728C0094FCAB /* slender_outline_DHH.pdf */ = {isa = PBXFileReference; lastKnownFileType = image.pdf; path = slender_outline_DHH.pdf; sourceTree = "<group>"; };
		00DA77FB107A728C0094FCAB /* slender_outline_DHV.pdf */ = {isa = PBXFileReference; lastKnownFileType = image.pdf; path = slender_outline_DHV.pdf; sourceTree = "<group>"; };
		00DA77FC107A728C0094FCAB /* slender_outline_HDD.pdf */ = {isa = PBXFileReference; lastKnownFileType = image.pdf; path = slender_outline_HDD.pdf; sourceTree = "<group>"; };
		00DA77FD107A728C0094FCAB /* slender_outline_HDH.pdf */ = {isa = PBXFileReference; lastKnownFileType = image.pdf; path = slender_outline_HDH.pdf; sourceTree = "<group>"; };
		00DA77FE107A728C0094FCAB /* slender_outline_HDV.pdf */ = {isa = PBXFileReference; lastKnownFileType = image.pdf; path = slender_outline_HDV.pdf; sourceTree = "<group>"; };
		00DA77FF107A728C0094FCAB /* slender_outline_HHH.pdf */ = {isa = PBXFileReference; lastKnownFileType = image.pdf; path = slender_outline_HHH.pdf; sourceTree = "<group>"; };
		00DA7800107A728C0094FCAB /* slender_outline_HHV.pdf */ = {isa = PBXFileReference; lastKnownFileType = image.pdf; path = slender_outline_HHV.pdf; sourceTree = "<group>"; };
		00DA7801107A728C0094FCAB /* slender_outline_HVV.pdf */ = {isa = PBXFileReference; lastKnownFileType = image.pdf; path = slender_outline_HVV.pdf; sourceTree = "<group>"; };
		00DA7835107A73320094FCAB /* XamhainView.h */ = {isa = PBXFileReference; fileEncoding = 4; lastKnownFileType = sourcecode.c.h; name = XamhainView.h; path = "screen saving/XamhainView.h"; sourceTree = "<group>"; };
		00DA7836107A73320094FCAB /* XamhainView.mm */ = {isa = PBXFileReference; fileEncoding = 4; lastKnownFileType = sourcecode.cpp.objcpp; name = XamhainView.mm; path = "screen saving/XamhainView.mm"; sourceTree = "<group>"; };
		06F27B2DFFEEEFEF11CA0E56 /* ScreenSaver.framework */ = {isa = PBXFileReference; lastKnownFileType = wrapper.framework; name = ScreenSaver.framework; path = /System/Library/Frameworks/ScreenSaver.framework; sourceTree = "<absolute>"; };
		089C1672FE841209C02AAC07 /* Foundation.framework */ = {isa = PBXFileReference; lastKnownFileType = wrapper.framework; name = Foundation.framework; path = /System/Library/Frameworks/Foundation.framework; sourceTree = "<absolute>"; };
		089C167EFE841241C02AAC07 /* en */ = {isa = PBXFileReference; fileEncoding = 10; lastKnownFileType = text.plist.strings; name = en; path = en.lproj/InfoPlist.strings; sourceTree = "<group>"; };
		089C167FFE841241C02AAC07 /* AppKit.framework */ = {isa = PBXFileReference; lastKnownFileType = wrapper.framework; name = AppKit.framework; path = /System/Library/Frameworks/AppKit.framework; sourceTree = "<absolute>"; };
		1058C7ADFEA557BF11CA2CBB /* Cocoa.framework */ = {isa = PBXFileReference; lastKnownFileType = wrapper.framework; name = Cocoa.framework; path = /System/Library/Frameworks/Cocoa.framework; sourceTree = "<absolute>"; };
		32DBCFA80370C50100C91783 /* XamhainII_Prefix.pch */ = {isa = PBXFileReference; fileEncoding = 4; lastKnownFileType = sourcecode.c.h; path = XamhainII_Prefix.pch; sourceTree = "<group>"; };
		8D255AD20486D3F9007BF209 /* Info.plist */ = {isa = PBXFileReference; fileEncoding = 4; lastKnownFileType = text.plist; path = Info.plist; sourceTree = "<group>"; };
		8D255AD30486D3F9007BF209 /* XamhainII.saver */ = {isa = PBXFileReference; explicitFileType = wrapper.cfbundle; includeInIndex = 0; path = XamhainII.saver; sourceTree = BUILT_PRODUCTS_DIR; };
/* End PBXFileReference section */

/* Begin PBXFrameworksBuildPhase section */
		0065BEE510C0525B00CF6F59 /* Frameworks */ = {
			isa = PBXFrameworksBuildPhase;
			buildActionMask = 2147483647;
			files = (
				0077D99A10C2E9C4002BDDAB /* SMDoubleSliderIB3Framework.framework in Frameworks */,
				0065BF0F10C053F200CF6F59 /* InterfaceBuilderKit.framework in Frameworks */,
			);
			runOnlyForDeploymentPostprocessing = 0;
		};
		0077D94F10C2E7E7002BDDAB /* Frameworks */ = {
			isa = PBXFrameworksBuildPhase;
			buildActionMask = 2147483647;
			files = (
				0077D95D10C2E8B7002BDDAB /* Cocoa.framework in Frameworks */,
			);
			runOnlyForDeploymentPostprocessing = 0;
		};
		8D255ACD0486D3F9007BF209 /* Frameworks */ = {
			isa = PBXFrameworksBuildPhase;
			buildActionMask = 2147483647;
			files = (
				0077D9BF10C2EA65002BDDAB /* SMDoubleSliderIB3Framework.framework in Frameworks */,
				8D255ACE0486D3F9007BF209 /* Cocoa.framework in Frameworks */,
				8D255ACF0486D3F9007BF209 /* ScreenSaver.framework in Frameworks */,
				0032D326108A30770033FA87 /* OpenGL.framework in Frameworks */,
			);
			runOnlyForDeploymentPostprocessing = 0;
		};
/* End PBXFrameworksBuildPhase section */

/* Begin PBXGroup section */
		0065BEF310C052D400CF6F59 /* IB Plugin */ = {
			isa = PBXGroup;
			children = (
				0065BF0810C0535300CF6F59 /* Info-IB_Plugin.plist */,
				0065BEF610C0531E00CF6F59 /* SMDoubleSlider.classdescription */,
				0065BEF710C0531E00CF6F59 /* SMDoubleSlider+IBPlugin.h */,
				0065BEF810C0531E00CF6F59 /* SMDoubleSlider+IBPlugin.m */,
				0065BEF910C0531E00CF6F59 /* SMDoubleSliderIB3Inspector.h */,
				0065BEFA10C0531E00CF6F59 /* SMDoubleSliderIB3Inspector.m */,
				0065BEFB10C0531E00CF6F59 /* SMDoubleSliderIB3Inspector.nib */,
				0065BEFC10C0531E00CF6F59 /* SMDoubleSliderIB3Library.nib */,
				0065BEFD10C0531E00CF6F59 /* SMDoubleSliderIB3Plugin.h */,
				0065BEFE10C0531E00CF6F59 /* SMDoubleSliderIB3Plugin.m */,
			);
			name = "IB Plugin";
			sourceTree = "<group>";
		};
		007C5125108A299800ED3242 /* Utility */ = {
			isa = PBXGroup;
			children = (
				007C5126108A29BE00ED3242 /* Position.h */,
				007C5127108A29BE00ED3242 /* RandomColor.cpp */,
				007C5128108A29BE00ED3242 /* RandomColor.h */,
				007C5129108A29BE00ED3242 /* RandomNumbers.h */,
			);
			name = Utility;
			sourceTree = "<group>";
		};
		007FA68810C0499E003FB309 /* SMDoubleSlider */ = {
			isa = PBXGroup;
			children = (
				007FA76410C04EF4003FB309 /* Framework */,
				0065BEF310C052D400CF6F59 /* IB Plugin */,
			);
			name = SMDoubleSlider;
			sourceTree = "<group>";
		};
		007FA76410C04EF4003FB309 /* Framework */ = {
			isa = PBXGroup;
			children = (
				007FA6A410C04C92003FB309 /* SMDoubleSliderIB3Framework-Info.plist */,
				007FA69B10C04C63003FB309 /* SMDoubleSlider.h */,
				007FA69C10C04C63003FB309 /* SMDoubleSlider.m */,
				007FA69D10C04C63003FB309 /* SMDoubleSliderCell.h */,
				007FA69E10C04C63003FB309 /* SMDoubleSliderCell.m */,
				0077D95C10C2E8B7002BDDAB /* Cocoa.framework */,
			);
			name = Framework;
			sourceTree = "<group>";
		};
		009D8961108E24ED00A416CF /* Knot Engine */ = {
			isa = PBXGroup;
			children = (
				002438531098D6E100E8A351 /* KnotStyle.h */,
				002438541098D6E100E8A351 /* KnotStyle.cpp */,
				007ED8581090CD6800B01235 /* CircularKnot.cpp */,
				007ED8591090CD6800B01235 /* CircularKnot.h */,
				007ED85A1090CD6800B01235 /* ClosedKnot.cpp */,
				007ED85B1090CD6800B01235 /* ClosedKnot.h */,
				007ED85C1090CD6800B01235 /* HorizontalKnot.cpp */,
				007ED85D1090CD6800B01235 /* HorizontalKnot.h */,
				007ED85E1090CD6800B01235 /* RandomKnot.cpp */,
				007ED85F1090CD6800B01235 /* RandomKnot.h */,
				007ED8601090CD6800B01235 /* RectangularKnot.cpp */,
				007ED8611090CD6800B01235 /* RectangularKnot.h */,
				007ED8621090CD6800B01235 /* TiledKnot.cpp */,
				007ED8631090CD6800B01235 /* TiledKnot.h */,
				007ED8641090CD6800B01235 /* VerticalKnot.cpp */,
				007ED8651090CD6800B01235 /* VerticalKnot.h */,
				00D7B654108F8E9A00432E90 /* KnotSection.cpp */,
				00D7B655108F8E9A00432E90 /* KnotSection.h */,
				009D897A108E28C800A416CF /* StrokeSet.cpp */,
				009D897B108E28C800A416CF /* StrokeSet.h */,
				009D8962108E251800A416CF /* Stroke.mm */,
				009D8963108E251800A416CF /* Stroke.h */,
			);
			name = "Knot Engine";
			sourceTree = "<group>";
		};
		00DA77D5107A728C0094FCAB /* Strokes */ = {
			isa = PBXGroup;
			children = (
				00DA77D6107A728C0094FCAB /* broad_fill_corner.pdf */,
				00DA77D7107A728C0094FCAB /* broad_fill_DDD.pdf */,
				00DA77D8107A728C0094FCAB /* broad_fill_DHD.pdf */,
				00DA77D9107A728C0094FCAB /* broad_fill_DHH.pdf */,
				00DA77DA107A728C0094FCAB /* broad_fill_DHV.pdf */,
				00DA77DB107A728C0094FCAB /* broad_fill_HDD.pdf */,
				00DA77DC107A728C0094FCAB /* broad_fill_HDH.pdf */,
				00DA77DD107A728C0094FCAB /* broad_fill_HDV.pdf */,
				00DA77DE107A728C0094FCAB /* broad_fill_HHH.pdf */,
				00DA77DF107A728C0094FCAB /* broad_fill_HHV.pdf */,
				00DA77E0107A728C0094FCAB /* broad_fill_HVV.pdf */,
				00DA77E1107A728C0094FCAB /* broad_outline_corner.pdf */,
				00DA77E2107A728C0094FCAB /* broad_outline_DDD.pdf */,
				00DA77E3107A728C0094FCAB /* broad_outline_DHD.pdf */,
				00DA77E4107A728C0094FCAB /* broad_outline_DHH.pdf */,
				00DA77E5107A728C0094FCAB /* broad_outline_DHV.pdf */,
				00DA77E6107A728C0094FCAB /* broad_outline_HDD.pdf */,
				00DA77E7107A728C0094FCAB /* broad_outline_HDH.pdf */,
				00DA77E8107A728C0094FCAB /* broad_outline_HDV.pdf */,
				00DA77E9107A728C0094FCAB /* broad_outline_HHH.pdf */,
				00DA77EA107A728C0094FCAB /* broad_outline_HHV.pdf */,
				00DA77EB107A728C0094FCAB /* broad_outline_HVV.pdf */,
				00DA77EC107A728C0094FCAB /* slender_fill_corner.pdf */,
				00DA77ED107A728C0094FCAB /* slender_fill_DDD.pdf */,
				00DA77EE107A728C0094FCAB /* slender_fill_DHD.pdf */,
				00DA77EF107A728C0094FCAB /* slender_fill_DHH.pdf */,
				00DA77F0107A728C0094FCAB /* slender_fill_DHV.pdf */,
				00DA77F1107A728C0094FCAB /* slender_fill_HDD.pdf */,
				00DA77F2107A728C0094FCAB /* slender_fill_HDH.pdf */,
				00DA77F3107A728C0094FCAB /* slender_fill_HDV.pdf */,
				00DA77F4107A728C0094FCAB /* slender_fill_HHH.pdf */,
				00DA77F5107A728C0094FCAB /* slender_fill_HHV.pdf */,
				00DA77F6107A728C0094FCAB /* slender_fill_HVV.pdf */,
				00DA77F7107A728C0094FCAB /* slender_outline_corner.pdf */,
				00DA77F8107A728C0094FCAB /* slender_outline_DDD.pdf */,
				00DA77F9107A728C0094FCAB /* slender_outline_DHD.pdf */,
				00DA77FA107A728C0094FCAB /* slender_outline_DHH.pdf */,
				00DA77FB107A728C0094FCAB /* slender_outline_DHV.pdf */,
				00DA77FC107A728C0094FCAB /* slender_outline_HDD.pdf */,
				00DA77FD107A728C0094FCAB /* slender_outline_HDH.pdf */,
				00DA77FE107A728C0094FCAB /* slender_outline_HDV.pdf */,
				00DA77FF107A728C0094FCAB /* slender_outline_HHH.pdf */,
				00DA7800107A728C0094FCAB /* slender_outline_HHV.pdf */,
				00DA7801107A728C0094FCAB /* slender_outline_HVV.pdf */,
			);
			name = Strokes;
			path = strokes;
			sourceTree = "<group>";
		};
		00DA7833107A72F00094FCAB /* Screen Saving */ = {
			isa = PBXGroup;
			children = (
				001EA1D5109365FC00D05EFB /* XamhainGLView.h */,
				001EA1D6109365FC00D05EFB /* XamhainGLView.mm */,
				00791842108B081B00156D67 /* XamhainPreferences.mm */,
				00791843108B081B00156D67 /* XamhainPreferences.h */,
				00DA7835107A73320094FCAB /* XamhainView.h */,
				00DA7836107A73320094FCAB /* XamhainView.mm */,
				0096345B109B5B6700B26FC2 /* XamhainUserDefaultsController.h */,
				0096345C109B5B6700B26FC2 /* XamhainUserDefaultsController.mm */,
			);
			name = "Screen Saving";
			sourceTree = "<group>";
		};
		089C166AFE841209C02AAC07 /* XamhainII */ = {
			isa = PBXGroup;
			children = (
				007FA68810C0499E003FB309 /* SMDoubleSlider */,
				009D8961108E24ED00A416CF /* Knot Engine */,
				00DA7833107A72F00094FCAB /* Screen Saving */,
				007C5125108A299800ED3242 /* Utility */,
				32DBCFA70370C4F300C91783 /* Other Sources */,
				089C167CFE841241C02AAC07 /* Resources */,
				089C1671FE841209C02AAC07 /* Frameworks and Libraries */,
				19C28FB8FE9D52D311CA2CBB /* Products */,
			);
			name = XamhainII;
			sourceTree = "<group>";
		};
		089C1671FE841209C02AAC07 /* Frameworks and Libraries */ = {
			isa = PBXGroup;
			children = (
				1058C7ACFEA557BF11CA2CBB /* Linked Frameworks */,
				1058C7AEFEA557BF11CA2CBB /* Other Frameworks */,
			);
			name = "Frameworks and Libraries";
			sourceTree = "<group>";
		};
		089C167CFE841241C02AAC07 /* Resources */ = {
			isa = PBXGroup;
			children = (
				004532EE10A5E5540073D7EA /* XamhainII.icns */,
				000AE53D109B57FC00DCDFD0 /* CREDITS */,
				00926761109A0BF600B2EF52 /* defaults.plist */,
				00790DBE10996796007ABF04 /* COPYING */,
				00DA77D5107A728C0094FCAB /* Strokes */,
				8D255AD20486D3F9007BF209 /* Info.plist */,
				089C167DFE841241C02AAC07 /* InfoPlist.strings */,
				007CBA0210A596B6004F3B49 /* XamhainConfigureSheet.xib */,
				000AE53A109B577E00DCDFD0 /* README */,
			);
			name = Resources;
			sourceTree = "<group>";
		};
		1058C7ACFEA557BF11CA2CBB /* Linked Frameworks */ = {
			isa = PBXGroup;
			children = (
				1058C7ADFEA557BF11CA2CBB /* Cocoa.framework */,
				0032D325108A30770033FA87 /* OpenGL.framework */,
				06F27B2DFFEEEFEF11CA0E56 /* ScreenSaver.framework */,
			);
			name = "Linked Frameworks";
			sourceTree = "<group>";
		};
		1058C7AEFEA557BF11CA2CBB /* Other Frameworks */ = {
			isa = PBXGroup;
			children = (
				089C1672FE841209C02AAC07 /* Foundation.framework */,
				089C167FFE841241C02AAC07 /* AppKit.framework */,
				0065BF0E10C053F200CF6F59 /* InterfaceBuilderKit.framework */,
			);
			name = "Other Frameworks";
			sourceTree = "<group>";
		};
		19C28FB8FE9D52D311CA2CBB /* Products */ = {
			isa = PBXGroup;
			children = (
				8D255AD30486D3F9007BF209 /* XamhainII.saver */,
				0065BEE710C0525B00CF6F59 /* SMDoubleSlider.ibplugin */,
				0077D95110C2E7E7002BDDAB /* SMDoubleSliderIB3Framework.framework */,
			);
			name = Products;
			sourceTree = "<group>";
		};
		32DBCFA70370C4F300C91783 /* Other Sources */ = {
			isa = PBXGroup;
			children = (
				32DBCFA80370C50100C91783 /* XamhainII_Prefix.pch */,
			);
			name = "Other Sources";
			sourceTree = "<group>";
		};
/* End PBXGroup section */

/* Begin PBXHeadersBuildPhase section */
		0077D94C10C2E7E7002BDDAB /* Headers */ = {
			isa = PBXHeadersBuildPhase;
			buildActionMask = 2147483647;
			files = (
				0077D95810C2E82F002BDDAB /* SMDoubleSlider.h in Headers */,
				0077D95910C2E82F002BDDAB /* SMDoubleSliderCell.h in Headers */,
			);
			runOnlyForDeploymentPostprocessing = 0;
		};
/* End PBXHeadersBuildPhase section */

/* Begin PBXNativeTarget section */
		0065BEE610C0525B00CF6F59 /* SMDoubleSlider.ibplugin */ = {
			isa = PBXNativeTarget;
			buildConfigurationList = 0065BEEB10C0525C00CF6F59 /* Build configuration list for PBXNativeTarget "SMDoubleSlider.ibplugin" */;
			buildPhases = (
				0065BEE310C0525B00CF6F59 /* Resources */,
				0065BEE410C0525B00CF6F59 /* Sources */,
				0065BEE510C0525B00CF6F59 /* Frameworks */,
				00B7E53B10CA6674009BC002 /* ShellScript */,
			);
			buildRules = (
			);
			dependencies = (
				0077D99910C2E9BC002BDDAB /* PBXTargetDependency */,
			);
			name = SMDoubleSlider.ibplugin;
			productName = SMDoubleSlider.ibplugin;
			productReference = 0065BEE710C0525B00CF6F59 /* SMDoubleSlider.ibplugin */;
			productType = "com.apple.product-type.bundle";
		};
		0077D95010C2E7E7002BDDAB /* SMDoubleSliderIB3Framework */ = {
			isa = PBXNativeTarget;
			buildConfigurationList = 0077D95510C2E7E7002BDDAB /* Build configuration list for PBXNativeTarget "SMDoubleSliderIB3Framework" */;
			buildPhases = (
				0077D94C10C2E7E7002BDDAB /* Headers */,
				0077D94D10C2E7E7002BDDAB /* Resources */,
				0077D94E10C2E7E7002BDDAB /* Sources */,
				0077D94F10C2E7E7002BDDAB /* Frameworks */,
			);
			buildRules = (
			);
			dependencies = (
			);
			name = SMDoubleSliderIB3Framework;
			productName = SMDoubleSliderIB3Framework;
			productReference = 0077D95110C2E7E7002BDDAB /* SMDoubleSliderIB3Framework.framework */;
			productType = "com.apple.product-type.framework";
		};
		8D255AC50486D3F9007BF209 /* XamhainII */ = {
			isa = PBXNativeTarget;
			buildConfigurationList = EF7AD72D08BB986600CE4634 /* Build configuration list for PBXNativeTarget "XamhainII" */;
			buildPhases = (
				8D255AC90486D3F9007BF209 /* Resources */,
				8D255ACB0486D3F9007BF209 /* Sources */,
				8D255ACD0486D3F9007BF209 /* Frameworks */,
				007FA67F10C0491F003FB309 /* CopyFiles */,
			);
			buildRules = (
			);
			dependencies = (
				0077D9BE10C2EA5E002BDDAB /* PBXTargetDependency */,
			);
			name = XamhainII;
			productInstallPath = "$(HOME)/Library/Screen Savers";
			productName = XamhainII;
			productReference = 8D255AD30486D3F9007BF209 /* XamhainII.saver */;
			productType = "com.apple.product-type.bundle";
		};
/* End PBXNativeTarget section */

/* Begin PBXProject section */
		089C1669FE841209C02AAC07 /* Project object */ = {
			isa = PBXProject;
			buildConfigurationList = EF7AD73108BB986600CE4634 /* Build configuration list for PBXProject "XamhainII" */;
			compatibilityVersion = "Xcode 3.1";
			hasScannedForEncodings = 1;
			mainGroup = 089C166AFE841209C02AAC07 /* XamhainII */;
			projectDirPath = "";
			projectRoot = "";
			targets = (
				007917BB10C26BF300D2916C /* All */,
				0077D95010C2E7E7002BDDAB /* SMDoubleSliderIB3Framework */,
				0065BEE610C0525B00CF6F59 /* SMDoubleSlider.ibplugin */,
				8D255AC50486D3F9007BF209 /* XamhainII */,
				000D03D61089C45F003F010E /* XamhainII.dmg */,
			);
		};
/* End PBXProject section */

/* Begin PBXResourcesBuildPhase section */
		0065BEE310C0525B00CF6F59 /* Resources */ = {
			isa = PBXResourcesBuildPhase;
			buildActionMask = 2147483647;
			files = (
				0065BEFF10C0531E00CF6F59 /* SMDoubleSlider.classdescription in Resources */,
				0065BF0210C0531E00CF6F59 /* SMDoubleSliderIB3Inspector.nib in Resources */,
				0065BF0310C0531E00CF6F59 /* SMDoubleSliderIB3Library.nib in Resources */,
			);
			runOnlyForDeploymentPostprocessing = 0;
		};
		0077D94D10C2E7E7002BDDAB /* Resources */ = {
			isa = PBXResourcesBuildPhase;
			buildActionMask = 2147483647;
			files = (
			);
			runOnlyForDeploymentPostprocessing = 0;
		};
		8D255AC90486D3F9007BF209 /* Resources */ = {
			isa = PBXResourcesBuildPhase;
			buildActionMask = 2147483647;
			files = (
				8D255ACA0486D3F9007BF209 /* InfoPlist.strings in Resources */,
				00DA7802107A728C0094FCAB /* broad_fill_corner.pdf in Resources */,
				00DA7803107A728C0094FCAB /* broad_fill_DDD.pdf in Resources */,
				00DA7804107A728C0094FCAB /* broad_fill_DHD.pdf in Resources */,
				00DA7805107A728C0094FCAB /* broad_fill_DHH.pdf in Resources */,
				00DA7806107A728C0094FCAB /* broad_fill_DHV.pdf in Resources */,
				00DA7807107A728C0094FCAB /* broad_fill_HDD.pdf in Resources */,
				00DA7808107A728C0094FCAB /* broad_fill_HDH.pdf in Resources */,
				00DA7809107A728C0094FCAB /* broad_fill_HDV.pdf in Resources */,
				00DA780A107A728C0094FCAB /* broad_fill_HHH.pdf in Resources */,
				00DA780B107A728C0094FCAB /* broad_fill_HHV.pdf in Resources */,
				00DA780C107A728C0094FCAB /* broad_fill_HVV.pdf in Resources */,
				00DA780D107A728C0094FCAB /* broad_outline_corner.pdf in Resources */,
				00DA780E107A728C0094FCAB /* broad_outline_DDD.pdf in Resources */,
				00DA780F107A728C0094FCAB /* broad_outline_DHD.pdf in Resources */,
				00DA7810107A728C0094FCAB /* broad_outline_DHH.pdf in Resources */,
				00DA7811107A728C0094FCAB /* broad_outline_DHV.pdf in Resources */,
				00DA7812107A728C0094FCAB /* broad_outline_HDD.pdf in Resources */,
				00DA7813107A728C0094FCAB /* broad_outline_HDH.pdf in Resources */,
				00DA7814107A728C0094FCAB /* broad_outline_HDV.pdf in Resources */,
				00DA7815107A728C0094FCAB /* broad_outline_HHH.pdf in Resources */,
				00DA7816107A728C0094FCAB /* broad_outline_HHV.pdf in Resources */,
				00DA7817107A728C0094FCAB /* broad_outline_HVV.pdf in Resources */,
				00DA7818107A728C0094FCAB /* slender_fill_corner.pdf in Resources */,
				00DA7819107A728C0094FCAB /* slender_fill_DDD.pdf in Resources */,
				00DA781A107A728C0094FCAB /* slender_fill_DHD.pdf in Resources */,
				00DA781B107A728C0094FCAB /* slender_fill_DHH.pdf in Resources */,
				00DA781C107A728C0094FCAB /* slender_fill_DHV.pdf in Resources */,
				00DA781D107A728C0094FCAB /* slender_fill_HDD.pdf in Resources */,
				00DA781E107A728C0094FCAB /* slender_fill_HDH.pdf in Resources */,
				00DA781F107A728C0094FCAB /* slender_fill_HDV.pdf in Resources */,
				00DA7820107A728C0094FCAB /* slender_fill_HHH.pdf in Resources */,
				00DA7821107A728C0094FCAB /* slender_fill_HHV.pdf in Resources */,
				00DA7822107A728C0094FCAB /* slender_fill_HVV.pdf in Resources */,
				00DA7823107A728C0094FCAB /* slender_outline_corner.pdf in Resources */,
				00DA7824107A728C0094FCAB /* slender_outline_DDD.pdf in Resources */,
				00DA7825107A728C0094FCAB /* slender_outline_DHD.pdf in Resources */,
				00DA7826107A728C0094FCAB /* slender_outline_DHH.pdf in Resources */,
				00DA7827107A728C0094FCAB /* slender_outline_DHV.pdf in Resources */,
				00DA7828107A728C0094FCAB /* slender_outline_HDD.pdf in Resources */,
				00DA7829107A728C0094FCAB /* slender_outline_HDH.pdf in Resources */,
				00DA782A107A728C0094FCAB /* slender_outline_HDV.pdf in Resources */,
				00DA782B107A728C0094FCAB /* slender_outline_HHH.pdf in Resources */,
				00DA782C107A728C0094FCAB /* slender_outline_HHV.pdf in Resources */,
				00DA782D107A728C0094FCAB /* slender_outline_HVV.pdf in Resources */,
				00790DBF10996796007ABF04 /* COPYING in Resources */,
				00926762109A0BF600B2EF52 /* defaults.plist in Resources */,
				007CBA0310A596B6004F3B49 /* XamhainConfigureSheet.xib in Resources */,
				004532EF10A5E5540073D7EA /* XamhainII.icns in Resources */,
			);
			runOnlyForDeploymentPostprocessing = 0;
		};
/* End PBXResourcesBuildPhase section */

/* Begin PBXShellScriptBuildPhase section */
		000D03D51089C45F003F010E /* ShellScript */ = {
			isa = PBXShellScriptBuildPhase;
			buildActionMask = 2147483647;
			files = (
			);
			inputPaths = (
				"$(SRCROOT)/$(PROJECT_NAME)-orig.dmg",
				"$(BUILT_PRODUCTS_DIR)/$(PROJECT_NAME).saver",
				"$(SRCROOT)/COPYING",
				"$(SRCROOT)/CREDITS",
				"$(SRCROOT)/README",
			);
			outputPaths = (
				"$(BUILT_PRODUCTS_DIR)/$(PROJECT_NAME).dmg",
			);
			runOnlyForDeploymentPostprocessing = 0;
			shellPath = /bin/sh;
			shellScript = "# See http://jwz.livejournal.com/608927.html?thread=11477151#t11477151\n# for the basic idea behind this.  Originally based on a script by Rob Mayoff\n# which did it rather differently.\n\nset -ex\n\n[ \"$ACTION\" = build ] || exit 0\n[ \"$BUILD_VARIANTS\" = \"normal\" ] || exit 0\n\norig=\"$SRCROOT/misc/$PROJECT_NAME-orig.dmg\"\ndmg=\"$BUILT_PRODUCTS_DIR/$PROJECT_NAME.dmg\"\nmnt=\"/Volumes/$PROJECT_NAME\"\n\n[ -e $mnt ] && exit 1\n\n# Attach the original image\nhdiutil attach -shadow $orig.shadow $orig\n\n# Copy files\nrsync -avE \"$BUILT_PRODUCTS_DIR/$PROJECT_NAME.saver\" $mnt\ncp \"$SRCROOT/COPYING\" $mnt/Info\ncp \"$SRCROOT/CREDITS\" $mnt/Info\ncp \"$SRCROOT/README\"  $mnt/Info\n\n# Detach the image\nhdiutil detach $mnt\n\n# Now convert to a compressed read-only image\nhdiutil convert -ov -format UDZO -o $dmg -shadow $orig.shadow $orig\nrm -f $orig.shadow\n";
		};
		00B7E53B10CA6674009BC002 /* ShellScript */ = {
			isa = PBXShellScriptBuildPhase;
			buildActionMask = 2147483647;
			files = (
			);
			inputPaths = (
			);
			outputPaths = (
			);
			runOnlyForDeploymentPostprocessing = 0;
			shellPath = /bin/sh;
			shellScript = "# The plugin is built inside the framework's 'Resources' directory, and its symbol file\n# is also placed there.  Move it out so it won't cause problems later.\n\n# If it already exists, remove the old dSYM file from the build/${Config} folder\nFILE=\"${BUILD_DIR}/${BUILD_STYLE}/${DWARF_DSYM_FILE_NAME}\"\nif test -e \"${FILE}\"\nthen\n\techo \"rm -R \\\"${FILE}\\\"\"\n\trm -R \"${FILE}\"\nfi\n\n# If the dSYM file exists, move the dSYM file out of the framework and into the build/${Config} folder\nFILE=\"${DWARF_DSYM_FOLDER_PATH}${DWARF_DSYM_FILE_NAME}\"\nif test -e \"${FILE}\"\nthen\n\techo \"mv \\\"${FILE}\\\" \\\"${BUILD_DIR}/${BUILD_STYLE}/\\\"\"\n\tmv \"${FILE}\" \"${BUILD_DIR}/${BUILD_STYLE}/\"\nfi";
		};
/* End PBXShellScriptBuildPhase section */

/* Begin PBXSourcesBuildPhase section */
		0065BEE410C0525B00CF6F59 /* Sources */ = {
			isa = PBXSourcesBuildPhase;
			buildActionMask = 2147483647;
			files = (
				0065BF0010C0531E00CF6F59 /* SMDoubleSlider+IBPlugin.m in Sources */,
				0065BF0110C0531E00CF6F59 /* SMDoubleSliderIB3Inspector.m in Sources */,
				0065BF0410C0531E00CF6F59 /* SMDoubleSliderIB3Plugin.m in Sources */,
			);
			runOnlyForDeploymentPostprocessing = 0;
		};
		0077D94E10C2E7E7002BDDAB /* Sources */ = {
			isa = PBXSourcesBuildPhase;
			buildActionMask = 2147483647;
			files = (
				0077D95A10C2E8A4002BDDAB /* SMDoubleSlider.m in Sources */,
				0077D95B10C2E8A4002BDDAB /* SMDoubleSliderCell.m in Sources */,
			);
			runOnlyForDeploymentPostprocessing = 0;
		};
		8D255ACB0486D3F9007BF209 /* Sources */ = {
			isa = PBXSourcesBuildPhase;
			buildActionMask = 2147483647;
			files = (
				00DA7838107A73320094FCAB /* XamhainView.mm in Sources */,
				007C512B108A29BE00ED3242 /* RandomColor.cpp in Sources */,
				00791844108B081B00156D67 /* XamhainPreferences.mm in Sources */,
				009D8964108E251800A416CF /* Stroke.mm in Sources */,
				009D897C108E28C800A416CF /* StrokeSet.cpp in Sources */,
				00D7B656108F8E9A00432E90 /* KnotSection.cpp in Sources */,
				007ED8661090CD6800B01235 /* CircularKnot.cpp in Sources */,
				007ED8681090CD6800B01235 /* ClosedKnot.cpp in Sources */,
				007ED86A1090CD6800B01235 /* HorizontalKnot.cpp in Sources */,
				007ED86C1090CD6800B01235 /* RandomKnot.cpp in Sources */,
				007ED86E1090CD6800B01235 /* RectangularKnot.cpp in Sources */,
				007ED8701090CD6800B01235 /* TiledKnot.cpp in Sources */,
				007ED8721090CD6800B01235 /* VerticalKnot.cpp in Sources */,
				00D188B11094BA31004E4496 /* XamhainGLView.mm in Sources */,
				002438561098D6E100E8A351 /* KnotStyle.cpp in Sources */,
				0096345E109B5B6700B26FC2 /* XamhainUserDefaultsController.mm in Sources */,
			);
			runOnlyForDeploymentPostprocessing = 0;
		};
/* End PBXSourcesBuildPhase section */

/* Begin PBXTargetDependency section */
		000D03DA1089C465003F010E /* PBXTargetDependency */ = {
			isa = PBXTargetDependency;
			target = 8D255AC50486D3F9007BF209 /* XamhainII */;
			targetProxy = 000D03D91089C465003F010E /* PBXContainerItemProxy */;
		};
		0077D95710C2E7EF002BDDAB /* PBXTargetDependency */ = {
			isa = PBXTargetDependency;
			target = 0077D95010C2E7E7002BDDAB /* SMDoubleSliderIB3Framework */;
			targetProxy = 0077D95610C2E7EF002BDDAB /* PBXContainerItemProxy */;
		};
		0077D99910C2E9BC002BDDAB /* PBXTargetDependency */ = {
			isa = PBXTargetDependency;
			target = 0077D95010C2E7E7002BDDAB /* SMDoubleSliderIB3Framework */;
			targetProxy = 0077D99810C2E9BC002BDDAB /* PBXContainerItemProxy */;
		};
		0077D9BE10C2EA5E002BDDAB /* PBXTargetDependency */ = {
			isa = PBXTargetDependency;
			target = 0077D95010C2E7E7002BDDAB /* SMDoubleSliderIB3Framework */;
			targetProxy = 0077D9BD10C2EA5E002BDDAB /* PBXContainerItemProxy */;
		};
		007917C110C26C0300D2916C /* PBXTargetDependency */ = {
			isa = PBXTargetDependency;
			target = 0065BEE610C0525B00CF6F59 /* SMDoubleSlider.ibplugin */;
			targetProxy = 007917C010C26C0300D2916C /* PBXContainerItemProxy */;
		};
		007917C310C26C0300D2916C /* PBXTargetDependency */ = {
			isa = PBXTargetDependency;
			target = 8D255AC50486D3F9007BF209 /* XamhainII */;
			targetProxy = 007917C210C26C0300D2916C /* PBXContainerItemProxy */;
		};
		007917C510C26C0300D2916C /* PBXTargetDependency */ = {
			isa = PBXTargetDependency;
			target = 000D03D61089C45F003F010E /* XamhainII.dmg */;
			targetProxy = 007917C410C26C0300D2916C /* PBXContainerItemProxy */;
		};
/* End PBXTargetDependency section */

/* Begin PBXVariantGroup section */
		007CBA0210A596B6004F3B49 /* XamhainConfigureSheet.xib */ = {
			isa = PBXVariantGroup;
			children = (
				00151B99109A2BAA00CFFD7F /* en */,
			);
			name = XamhainConfigureSheet.xib;
			sourceTree = "<group>";
		};
		089C167DFE841241C02AAC07 /* InfoPlist.strings */ = {
			isa = PBXVariantGroup;
			children = (
				089C167EFE841241C02AAC07 /* en */,
			);
			name = InfoPlist.strings;
			sourceTree = "<group>";
		};
/* End PBXVariantGroup section */

/* Begin XCBuildConfiguration section */
		000D03D71089C45F003F010E /* Debug */ = {
			isa = XCBuildConfiguration;
			buildSettings = {
				COPY_PHASE_STRIP = NO;
				GCC_DYNAMIC_NO_PIC = NO;
				GCC_OPTIMIZATION_LEVEL = 0;
				PRODUCT_NAME = XamhainII.dmg;
			};
			name = Debug;
		};
		000D03D81089C45F003F010E /* Release */ = {
			isa = XCBuildConfiguration;
			buildSettings = {
				COPY_PHASE_STRIP = YES;
				DEBUG_INFORMATION_FORMAT = "dwarf-with-dsym";
				GCC_ENABLE_FIX_AND_CONTINUE = NO;
				PRODUCT_NAME = XamhainII.dmg;
				ZERO_LINK = NO;
			};
			name = Release;
		};
		0065BEE910C0525B00CF6F59 /* Debug */ = {
			isa = XCBuildConfiguration;
			buildSettings = {
				ALWAYS_SEARCH_USER_PATHS = NO;
				CONFIGURATION_BUILD_DIR = "$(BUILD_DIR)/$(CONFIGURATION)$(EFFECTIVE_PLATFORM_NAME)";
				COPY_PHASE_STRIP = NO;
				FRAMEWORK_SEARCH_PATHS = (
					"$(inherited)",
					"\"$(BUILD_DIR)/$(CONFIGURATION)\"",
					"\"$(DEVELOPER_FRAMEWORKS_DIR)\"",
				);
				GCC_DYNAMIC_NO_PIC = NO;
				GCC_ENABLE_FIX_AND_CONTINUE = YES;
				GCC_MODEL_TUNING = G5;
				GCC_OPTIMIZATION_LEVEL = 0;
				GCC_PRECOMPILE_PREFIX_HEADER = YES;
				GCC_PREFIX_HEADER = "$(SYSTEM_LIBRARY_DIR)/Frameworks/AppKit.framework/Headers/AppKit.h";
				INFOPLIST_FILE = "SMDoubleSlider/IB_Plugin_code/Info-IB_Plugin.plist";
				INSTALL_PATH = "$(HOME)/Library/Bundles";
				LD_RUNPATH_SEARCH_PATHS = "@loader_path/../../../../../../..";
				OTHER_LDFLAGS = (
					"-framework",
					Foundation,
					"-framework",
					AppKit,
				);
				PREBINDING = NO;
				PRODUCT_NAME = SMDoubleSlider;
				WRAPPER_EXTENSION = ibplugin;
			};
			name = Debug;
		};
		0065BEEA10C0525B00CF6F59 /* Release */ = {
			isa = XCBuildConfiguration;
			buildSettings = {
				ALWAYS_SEARCH_USER_PATHS = NO;
				CONFIGURATION_BUILD_DIR = "$(BUILD_DIR)/$(CONFIGURATION)$(EFFECTIVE_PLATFORM_NAME)/SMDoubleSliderIB3Framework.framework/Resources/";
				COPY_PHASE_STRIP = YES;
				DEBUG_INFORMATION_FORMAT = "dwarf-with-dsym";
				FRAMEWORK_SEARCH_PATHS = (
					"$(inherited)",
					"\"$(BUILD_DIR)/$(CONFIGURATION)\"",
					"\"$(DEVELOPER_FRAMEWORKS_DIR)\"",
				);
				GCC_ENABLE_FIX_AND_CONTINUE = NO;
				GCC_MODEL_TUNING = G5;
				GCC_PRECOMPILE_PREFIX_HEADER = YES;
				GCC_PREFIX_HEADER = "$(SYSTEM_LIBRARY_DIR)/Frameworks/AppKit.framework/Headers/AppKit.h";
				INFOPLIST_FILE = "SMDoubleSlider/IB_Plugin_code/Info-IB_Plugin.plist";
				INSTALL_PATH = "$(HOME)/Library/Bundles";
				LD_RUNPATH_SEARCH_PATHS = "@loader_path/../../../../../../..";
				OTHER_LDFLAGS = (
					"-framework",
					Foundation,
					"-framework",
					AppKit,
				);
				PREBINDING = NO;
				PRODUCT_NAME = SMDoubleSlider;
				WRAPPER_EXTENSION = ibplugin;
				ZERO_LINK = NO;
			};
			name = Release;
		};
		0077D95310C2E7E7002BDDAB /* Debug */ = {
			isa = XCBuildConfiguration;
			buildSettings = {
				ALWAYS_SEARCH_USER_PATHS = NO;
				COPY_PHASE_STRIP = NO;
				DYLIB_COMPATIBILITY_VERSION = 1;
				DYLIB_CURRENT_VERSION = 1;
				FRAMEWORK_VERSION = A;
				GCC_DYNAMIC_NO_PIC = NO;
				GCC_ENABLE_FIX_AND_CONTINUE = YES;
				GCC_MODEL_TUNING = G5;
				GCC_OPTIMIZATION_LEVEL = 0;
				GCC_PRECOMPILE_PREFIX_HEADER = YES;
				GCC_PREFIX_HEADER = "$(SYSTEM_LIBRARY_DIR)/Frameworks/AppKit.framework/Headers/AppKit.h";
				INFOPLIST_FILE = "SMDoubleSlider/Framework_code/SMDoubleSliderIB3Framework-Info.plist";
				INSTALL_PATH = "@rpath";
				OTHER_LDFLAGS = (
					"-framework",
					Foundation,
					"-framework",
					AppKit,
				);
				PREBINDING = NO;
				PRODUCT_NAME = SMDoubleSliderIB3Framework;
			};
			name = Debug;
		};
		0077D95410C2E7E7002BDDAB /* Release */ = {
			isa = XCBuildConfiguration;
			buildSettings = {
				ALWAYS_SEARCH_USER_PATHS = NO;
				COPY_PHASE_STRIP = YES;
				DEBUG_INFORMATION_FORMAT = "dwarf-with-dsym";
				DYLIB_COMPATIBILITY_VERSION = 1;
				DYLIB_CURRENT_VERSION = 1;
				FRAMEWORK_VERSION = A;
				GCC_ENABLE_FIX_AND_CONTINUE = NO;
				GCC_MODEL_TUNING = G5;
				GCC_PRECOMPILE_PREFIX_HEADER = YES;
				GCC_PREFIX_HEADER = "$(SYSTEM_LIBRARY_DIR)/Frameworks/AppKit.framework/Headers/AppKit.h";
				INFOPLIST_FILE = "SMDoubleSlider/Framework_code/SMDoubleSliderIB3Framework-Info.plist";
				INSTALL_PATH = "@rpath";
				OTHER_LDFLAGS = (
					"-framework",
					Foundation,
					"-framework",
					AppKit,
				);
				PREBINDING = NO;
				PRODUCT_NAME = SMDoubleSliderIB3Framework;
				ZERO_LINK = NO;
			};
			name = Release;
		};
		007917BC10C26BF300D2916C /* Debug */ = {
			isa = XCBuildConfiguration;
			buildSettings = {
				COPY_PHASE_STRIP = NO;
				GCC_DYNAMIC_NO_PIC = NO;
				GCC_OPTIMIZATION_LEVEL = 0;
				PRODUCT_NAME = All;
			};
			name = Debug;
		};
		007917BD10C26BF300D2916C /* Release */ = {
			isa = XCBuildConfiguration;
			buildSettings = {
				COPY_PHASE_STRIP = YES;
				DEBUG_INFORMATION_FORMAT = "dwarf-with-dsym";
				GCC_ENABLE_FIX_AND_CONTINUE = NO;
				PRODUCT_NAME = All;
				ZERO_LINK = NO;
			};
			name = Release;
		};
		EF7AD72E08BB986600CE4634 /* Debug */ = {
			isa = XCBuildConfiguration;
			buildSettings = {
				GCC_DYNAMIC_NO_PIC = NO;
				GCC_ENABLE_FIX_AND_CONTINUE = YES;
				GCC_ENABLE_OBJC_GC = required;
				GCC_MODEL_TUNING = G5;
				GCC_OPTIMIZATION_LEVEL = 0;
				GCC_PRECOMPILE_PREFIX_HEADER = YES;
				GCC_PREFIX_HEADER = XamhainII_Prefix.pch;
				GCC_STRICT_ALIASING = NO;
				GCC_TREAT_IMPLICIT_FUNCTION_DECLARATIONS_AS_ERRORS = YES;
				GCC_TREAT_WARNINGS_AS_ERRORS = YES;
				GCC_WARN_64_TO_32_BIT_CONVERSION = NO;
				GCC_WARN_ABOUT_MISSING_FIELD_INITIALIZERS = YES;
				GCC_WARN_ABOUT_MISSING_NEWLINE = YES;
				GCC_WARN_ABOUT_MISSING_PROTOTYPES = YES;
				GCC_WARN_CHECK_SWITCH_STATEMENTS = YES;
				GCC_WARN_EFFECTIVE_CPLUSPLUS_VIOLATIONS = NO;
				GCC_WARN_HIDDEN_VIRTUAL_FUNCTIONS = YES;
				GCC_WARN_INITIALIZER_NOT_FULLY_BRACKETED = YES;
				GCC_WARN_MISSING_PARENTHESES = YES;
				GCC_WARN_MULTIPLE_DEFINITION_TYPES_FOR_SELECTOR = NO;
				GCC_WARN_NON_VIRTUAL_DESTRUCTOR = YES;
				GCC_WARN_PEDANTIC = YES;
				GCC_WARN_PROTOTYPE_CONVERSION = NO;
				GCC_WARN_SHADOW = YES;
				GCC_WARN_SIGN_COMPARE = YES;
				GCC_WARN_STRICT_SELECTOR_MATCH = YES;
				GCC_WARN_UNDECLARED_SELECTOR = YES;
				GCC_WARN_UNINITIALIZED_AUTOS = NO;
				GCC_WARN_UNKNOWN_PRAGMAS = YES;
				GCC_WARN_UNUSED_FUNCTION = YES;
				GCC_WARN_UNUSED_LABEL = YES;
				GCC_WARN_UNUSED_PARAMETER = YES;
				GCC_WARN_UNUSED_VALUE = YES;
				INFOPLIST_FILE = Info.plist;
				INSTALL_PATH = "$(HOME)/Library/Screen Savers";
				LD_RUNPATH_SEARCH_PATHS = "@loader_path/../Frameworks";
				PRODUCT_NAME = XamhainII;
				WRAPPER_EXTENSION = saver;
				ZERO_LINK = YES;
			};
			name = Debug;
		};
		EF7AD72F08BB986600CE4634 /* Release */ = {
			isa = XCBuildConfiguration;
			buildSettings = {
				DEBUG_INFORMATION_FORMAT = "dwarf-with-dsym";
				GCC_ENABLE_OBJC_GC = required;
				GCC_MODEL_TUNING = G5;
				GCC_PRECOMPILE_PREFIX_HEADER = YES;
				GCC_PREFIX_HEADER = XamhainII_Prefix.pch;
				GCC_TREAT_IMPLICIT_FUNCTION_DECLARATIONS_AS_ERRORS = YES;
				GCC_TREAT_WARNINGS_AS_ERRORS = YES;
				GCC_WARN_64_TO_32_BIT_CONVERSION = NO;
				GCC_WARN_ABOUT_MISSING_FIELD_INITIALIZERS = YES;
				GCC_WARN_ABOUT_MISSING_NEWLINE = YES;
				GCC_WARN_ABOUT_MISSING_PROTOTYPES = YES;
				GCC_WARN_CHECK_SWITCH_STATEMENTS = YES;
				GCC_WARN_HIDDEN_VIRTUAL_FUNCTIONS = YES;
				GCC_WARN_INITIALIZER_NOT_FULLY_BRACKETED = YES;
				GCC_WARN_MISSING_PARENTHESES = YES;
				GCC_WARN_MULTIPLE_DEFINITION_TYPES_FOR_SELECTOR = NO;
				GCC_WARN_NON_VIRTUAL_DESTRUCTOR = YES;
				GCC_WARN_PEDANTIC = YES;
				GCC_WARN_PROTOTYPE_CONVERSION = NO;
				GCC_WARN_SHADOW = YES;
				GCC_WARN_SIGN_COMPARE = YES;
				GCC_WARN_STRICT_SELECTOR_MATCH = YES;
				GCC_WARN_UNDECLARED_SELECTOR = YES;
				GCC_WARN_UNINITIALIZED_AUTOS = YES;
				GCC_WARN_UNKNOWN_PRAGMAS = YES;
				GCC_WARN_UNUSED_FUNCTION = YES;
				GCC_WARN_UNUSED_LABEL = YES;
				GCC_WARN_UNUSED_PARAMETER = YES;
				GCC_WARN_UNUSED_VALUE = YES;
				INFOPLIST_FILE = Info.plist;
				INSTALL_PATH = "$(HOME)/Library/Screen Savers";
				LD_RUNPATH_SEARCH_PATHS = "@loader_path/../Frameworks";
				PRODUCT_NAME = XamhainII;
				WRAPPER_EXTENSION = saver;
			};
			name = Release;
		};
		EF7AD73208BB986600CE4634 /* Debug */ = {
			isa = XCBuildConfiguration;
			buildSettings = {
				ARCHS = "$(ARCHS_STANDARD_32_64_BIT)";
				GCC_C_LANGUAGE_STANDARD = gnu99;
				GCC_ENABLE_OBJC_GC = supported;
				GCC_WARN_ABOUT_RETURN_TYPE = YES;
				GCC_WARN_UNUSED_VARIABLE = YES;
				ONLY_ACTIVE_ARCH = NO;
				PREBINDING = NO;
				SDKROOT = macosx10.6;
				VALID_ARCHS = "i386 x86_64";
			};
			name = Debug;
		};
		EF7AD73308BB986600CE4634 /* Release */ = {
			isa = XCBuildConfiguration;
			buildSettings = {
				ARCHS = "$(ARCHS_STANDARD_32_64_BIT)";
				GCC_C_LANGUAGE_STANDARD = gnu99;
				GCC_ENABLE_OBJC_GC = supported;
				GCC_WARN_ABOUT_RETURN_TYPE = YES;
				GCC_WARN_UNUSED_VARIABLE = YES;
				PREBINDING = NO;
				SDKROOT = macosx10.6;
				VALID_ARCHS = "i386 x86_64";
			};
			name = Release;
		};
/* End XCBuildConfiguration section */

/* Begin XCConfigurationList section */
		000D03DC1089C467003F010E /* Build configuration list for PBXAggregateTarget "XamhainII.dmg" */ = {
			isa = XCConfigurationList;
			buildConfigurations = (
				000D03D71089C45F003F010E /* Debug */,
				000D03D81089C45F003F010E /* Release */,
			);
			defaultConfigurationIsVisible = 0;
			defaultConfigurationName = Release;
		};
		0065BEEB10C0525C00CF6F59 /* Build configuration list for PBXNativeTarget "SMDoubleSlider.ibplugin" */ = {
			isa = XCConfigurationList;
			buildConfigurations = (
				0065BEE910C0525B00CF6F59 /* Debug */,
				0065BEEA10C0525B00CF6F59 /* Release */,
			);
			defaultConfigurationIsVisible = 0;
			defaultConfigurationName = Release;
		};
		0077D95510C2E7E7002BDDAB /* Build configuration list for PBXNativeTarget "SMDoubleSliderIB3Framework" */ = {
			isa = XCConfigurationList;
			buildConfigurations = (
				0077D95310C2E7E7002BDDAB /* Debug */,
				0077D95410C2E7E7002BDDAB /* Release */,
			);
			defaultConfigurationIsVisible = 0;
			defaultConfigurationName = Release;
		};
		007917C610C26C2D00D2916C /* Build configuration list for PBXAggregateTarget "All" */ = {
			isa = XCConfigurationList;
			buildConfigurations = (
				007917BC10C26BF300D2916C /* Debug */,
				007917BD10C26BF300D2916C /* Release */,
			);
			defaultConfigurationIsVisible = 0;
			defaultConfigurationName = Release;
		};
		EF7AD72D08BB986600CE4634 /* Build configuration list for PBXNativeTarget "XamhainII" */ = {
			isa = XCConfigurationList;
			buildConfigurations = (
				EF7AD72E08BB986600CE4634 /* Debug */,
				EF7AD72F08BB986600CE4634 /* Release */,
			);
			defaultConfigurationIsVisible = 0;
			defaultConfigurationName = Release;
		};
		EF7AD73108BB986600CE4634 /* Build configuration list for PBXProject "XamhainII" */ = {
			isa = XCConfigurationList;
			buildConfigurations = (
				EF7AD73208BB986600CE4634 /* Debug */,
				EF7AD73308BB986600CE4634 /* Release */,
			);
			defaultConfigurationIsVisible = 0;
			defaultConfigurationName = Release;
		};
/* End XCConfigurationList section */
	};
	rootObject = 089C1669FE841209C02AAC07 /* Project object */;
}
